
Microsoft Visual Studio Solution File, Format Version 12.00
# Visual Studio Version 16
VisualStudioVersion = 16.0.30114.105
MinimumVisualStudioVersion = 10.0.40219.1
Project("{8BC9CEB8-8B4A-11D0-8D11-00A0C91BC942}") = "ch0301", "ch0301\ch0301.vcxproj", "{38FB9CB1-48AA-4E3F-8485-34636D61E960}"
EndProject
Project("{8BC9CEB8-8B4A-11D0-8D11-00A0C91BC942}") = "ch0302", "ch0302\ch0302.vcxproj", "{4FA5A81C-5839-4A30-8FE5-F420402F8962}"
EndProject
Project("{8BC9CEB8-8B4A-11D0-8D11-00A0C91BC942}") = "ch0303-first", "ch0303-first\ch0303-first.vcxproj", "{6E0639D6-DFED-4DEE-80F9-7E1EBD5D9BE1}"
EndProject
Project("{8BC9CEB8-8B4A-11D0-8D11-00A0C91BC942}") = "ch0303-second", "ch0303-second\ch0303-second.vcxproj", "{B9E55A75-DCA5-499F-86EC-21FB7D227BE5}"
EndProject
Project("{8BC9CEB8-8B4A-11D0-8D11-00A0C91BC942}") = "ch0303-third", "ch0303-third\ch0303-third.vcxproj", "{DA823388-B716-4392-A571-176EC47D1A79}"
EndProject
Project("{8BC9CEB8-8B4A-11D0-8D11-00A0C91BC942}") = "ch0304-compare", "ch0304-compare\ch0304-compare.vcxproj", "{9A228C59-BAE6-4644-9E30-77BB3A2DDFF2}"
EndProject
Project("{8BC9CEB8-8B4A-11D0-8D11-00A0C91BC942}") = "ch0304-concatenate", "ch0304-concatenate\ch0304-concatenate.vcxproj", "{127EFB07-A01D-4DBC-8126-DB7F1B34665B}"
EndProject
Project("{8BC9CEB8-8B4A-11D0-8D11-00A0C91BC942}") = "ch0304-floats", "ch0304-floats\ch0304-floats.vcxproj", "{9C516BB7-5BD4-45BC-B610-709EFAE47D41}"
EndProject
Project("{8BC9CEB8-8B4A-11D0-8D11-00A0C91BC942}") = "ch0304", "ch0304\ch0304.vcxproj", "{54AF6358-340C-4A37-AE6B-9C61AAD0779E}"
EndProject
Project("{8BC9CEB8-8B4A-11D0-8D11-00A0C91BC942}") = "ch0305-1", "ch0305-1\ch0305-1.vcxproj", "{86093F60-A630-4BF9-B36D-90FCF200D264}"
EndProject
Project("{8BC9CEB8-8B4A-11D0-8D11-00A0C91BC942}") = "ch0305", "ch0305\ch0305.vcxproj", "{95102A6B-52EC-4E8D-AF52-4F9E0C9AB836}"
EndProject
Project("{8BC9CEB8-8B4A-11D0-8D11-00A0C91BC942}") = "ch0306-1", "ch0306-1\ch0306-1.vcxproj", "{2B805DCF-C928-4E1F-8378-9349EE13DEDD}"
EndProject
Project("{8BC9CEB8-8B4A-11D0-8D11-00A0C91BC942}") = "ch0307", "ch0307\ch0307.vcxproj", "{42836C66-F756-437D-A2B2-52C4E5EF52E6}"
EndProject
Project("{8BC9CEB8-8B4A-11D0-8D11-00A0C91BC942}") = "ch0308", "ch0308\ch0308.vcxproj", "{D7307AA9-9AD2-4B30-BFE3-0264B7E48277}"
EndProject
Project("{8BC9CEB8-8B4A-11D0-8D11-00A0C91BC942}") = "ch0309-1", "ch0309-1\ch0309-1.vcxproj", "{FD9BEE33-2C6A-461B-8855-4A373B3A2894}"
EndProject
Project("{8BC9CEB8-8B4A-11D0-8D11-00A0C91BC942}") = "ch0309-2-second", "ch0309-2-second\ch0309-2-second.vcxproj", "{D66E0A18-7232-4FC5-ACA9-84C499924642}"
EndProject
Project("{8BC9CEB8-8B4A-11D0-8D11-00A0C91BC942}") = "ch0309-2", "ch0309-2\ch0309-2.vcxproj", "{D3E39890-F3B3-43F8-9F5F-F1C0BE5599A0}"
EndProject
Project("{8BC9CEB8-8B4A-11D0-8D11-00A0C91BC942}") = "ch0309", "ch0309\ch0309.vcxproj", "{313B1B5F-9DFD-46BB-9141-728D554F06EE}"
EndProject
Global
	GlobalSection(SolutionConfigurationPlatforms) = preSolution
		Debug|x64 = Debug|x64
		Debug|x86 = Debug|x86
		Release|x64 = Release|x64
		Release|x86 = Release|x86
	EndGlobalSection
	GlobalSection(ProjectConfigurationPlatforms) = postSolution
		{38FB9CB1-48AA-4E3F-8485-34636D61E960}.Debug|x64.ActiveCfg = Debug|x64
		{38FB9CB1-48AA-4E3F-8485-34636D61E960}.Debug|x64.Build.0 = Debug|x64
		{38FB9CB1-48AA-4E3F-8485-34636D61E960}.Debug|x86.ActiveCfg = Debug|Win32
		{38FB9CB1-48AA-4E3F-8485-34636D61E960}.Debug|x86.Build.0 = Debug|Win32
		{38FB9CB1-48AA-4E3F-8485-34636D61E960}.Release|x64.ActiveCfg = Release|x64
		{38FB9CB1-48AA-4E3F-8485-34636D61E960}.Release|x64.Build.0 = Release|x64
		{38FB9CB1-48AA-4E3F-8485-34636D61E960}.Release|x86.ActiveCfg = Release|Win32
		{38FB9CB1-48AA-4E3F-8485-34636D61E960}.Release|x86.Build.0 = Release|Win32
		{4FA5A81C-5839-4A30-8FE5-F420402F8962}.Debug|x64.ActiveCfg = Debug|x64
		{4FA5A81C-5839-4A30-8FE5-F420402F8962}.Debug|x64.Build.0 = Debug|x64
		{4FA5A81C-5839-4A30-8FE5-F420402F8962}.Debug|x86.ActiveCfg = Debug|Win32
		{4FA5A81C-5839-4A30-8FE5-F420402F8962}.Debug|x86.Build.0 = Debug|Win32
		{4FA5A81C-5839-4A30-8FE5-F420402F8962}.Release|x64.ActiveCfg = Release|x64
		{4FA5A81C-5839-4A30-8FE5-F420402F8962}.Release|x64.Build.0 = Release|x64
		{4FA5A81C-5839-4A30-8FE5-F420402F8962}.Release|x86.ActiveCfg = Release|Win32
		{4FA5A81C-5839-4A30-8FE5-F420402F8962}.Release|x86.Build.0 = Release|Win32
		{6E0639D6-DFED-4DEE-80F9-7E1EBD5D9BE1}.Debug|x64.ActiveCfg = Debug|x64
		{6E0639D6-DFED-4DEE-80F9-7E1EBD5D9BE1}.Debug|x64.Build.0 = Debug|x64
		{6E0639D6-DFED-4DEE-80F9-7E1EBD5D9BE1}.Debug|x86.ActiveCfg = Debug|Win32
		{6E0639D6-DFED-4DEE-80F9-7E1EBD5D9BE1}.Debug|x86.Build.0 = Debug|Win32
		{6E0639D6-DFED-4DEE-80F9-7E1EBD5D9BE1}.Release|x64.ActiveCfg = Release|x64
		{6E0639D6-DFED-4DEE-80F9-7E1EBD5D9BE1}.Release|x64.Build.0 = Release|x64
		{6E0639D6-DFED-4DEE-80F9-7E1EBD5D9BE1}.Release|x86.ActiveCfg = Release|Win32
		{6E0639D6-DFED-4DEE-80F9-7E1EBD5D9BE1}.Release|x86.Build.0 = Release|Win32
		{B9E55A75-DCA5-499F-86EC-21FB7D227BE5}.Debug|x64.ActiveCfg = Debug|x64
		{B9E55A75-DCA5-499F-86EC-21FB7D227BE5}.Debug|x64.Build.0 = Debug|x64
		{B9E55A75-DCA5-499F-86EC-21FB7D227BE5}.Debug|x86.ActiveCfg = Debug|Win32
		{B9E55A75-DCA5-499F-86EC-21FB7D227BE5}.Debug|x86.Build.0 = Debug|Win32
		{B9E55A75-DCA5-499F-86EC-21FB7D227BE5}.Release|x64.ActiveCfg = Release|x64
		{B9E55A75-DCA5-499F-86EC-21FB7D227BE5}.Release|x64.Build.0 = Release|x64
		{B9E55A75-DCA5-499F-86EC-21FB7D227BE5}.Release|x86.ActiveCfg = Release|Win32
		{B9E55A75-DCA5-499F-86EC-21FB7D227BE5}.Release|x86.Build.0 = Release|Win32
		{DA823388-B716-4392-A571-176EC47D1A79}.Debug|x64.ActiveCfg = Debug|x64
		{DA823388-B716-4392-A571-176EC47D1A79}.Debug|x64.Build.0 = Debug|x64
		{DA823388-B716-4392-A571-176EC47D1A79}.Debug|x86.ActiveCfg = Debug|Win32
		{DA823388-B716-4392-A571-176EC47D1A79}.Debug|x86.Build.0 = Debug|Win32
		{DA823388-B716-4392-A571-176EC47D1A79}.Release|x64.ActiveCfg = Release|x64
		{DA823388-B716-4392-A571-176EC47D1A79}.Release|x64.Build.0 = Release|x64
		{DA823388-B716-4392-A571-176EC47D1A79}.Release|x86.ActiveCfg = Release|Win32
		{DA823388-B716-4392-A571-176EC47D1A79}.Release|x86.Build.0 = Release|Win32
		{9A228C59-BAE6-4644-9E30-77BB3A2DDFF2}.Debug|x64.ActiveCfg = Debug|x64
		{9A228C59-BAE6-4644-9E30-77BB3A2DDFF2}.Debug|x64.Build.0 = Debug|x64
		{9A228C59-BAE6-4644-9E30-77BB3A2DDFF2}.Debug|x86.ActiveCfg = Debug|Win32
		{9A228C59-BAE6-4644-9E30-77BB3A2DDFF2}.Debug|x86.Build.0 = Debug|Win32
		{9A228C59-BAE6-4644-9E30-77BB3A2DDFF2}.Release|x64.ActiveCfg = Release|x64
		{9A228C59-BAE6-4644-9E30-77BB3A2DDFF2}.Release|x64.Build.0 = Release|x64
		{9A228C59-BAE6-4644-9E30-77BB3A2DDFF2}.Release|x86.ActiveCfg = Release|Win32
		{9A228C59-BAE6-4644-9E30-77BB3A2DDFF2}.Release|x86.Build.0 = Release|Win32
		{127EFB07-A01D-4DBC-8126-DB7F1B34665B}.Debug|x64.ActiveCfg = Debug|x64
		{127EFB07-A01D-4DBC-8126-DB7F1B34665B}.Debug|x64.Build.0 = Debug|x64
		{127EFB07-A01D-4DBC-8126-DB7F1B34665B}.Debug|x86.ActiveCfg = Debug|Win32
		{127EFB07-A01D-4DBC-8126-DB7F1B34665B}.Debug|x86.Build.0 = Debug|Win32
		{127EFB07-A01D-4DBC-8126-DB7F1B34665B}.Release|x64.ActiveCfg = Release|x64
		{127EFB07-A01D-4DBC-8126-DB7F1B34665B}.Release|x64.Build.0 = Release|x64
		{127EFB07-A01D-4DBC-8126-DB7F1B34665B}.Release|x86.ActiveCfg = Release|Win32
		{127EFB07-A01D-4DBC-8126-DB7F1B34665B}.Release|x86.Build.0 = Release|Win32
		{9C516BB7-5BD4-45BC-B610-709EFAE47D41}.Debug|x64.ActiveCfg = Debug|x64
		{9C516BB7-5BD4-45BC-B610-709EFAE47D41}.Debug|x64.Build.0 = Debug|x64
		{9C516BB7-5BD4-45BC-B610-709EFAE47D41}.Debug|x86.ActiveCfg = Debug|Win32
		{9C516BB7-5BD4-45BC-B610-709EFAE47D41}.Debug|x86.Build.0 = Debug|Win32
		{9C516BB7-5BD4-45BC-B610-709EFAE47D41}.Release|x64.ActiveCfg = Release|x64
		{9C516BB7-5BD4-45BC-B610-709EFAE47D41}.Release|x64.Build.0 = Release|x64
		{9C516BB7-5BD4-45BC-B610-709EFAE47D41}.Release|x86.ActiveCfg = Release|Win32
		{9C516BB7-5BD4-45BC-B610-709EFAE47D41}.Release|x86.Build.0 = Release|Win32
		{54AF6358-340C-4A37-AE6B-9C61AAD0779E}.Debug|x64.ActiveCfg = Debug|x64
		{54AF6358-340C-4A37-AE6B-9C61AAD0779E}.Debug|x64.Build.0 = Debug|x64
		{54AF6358-340C-4A37-AE6B-9C61AAD0779E}.Debug|x86.ActiveCfg = Debug|Win32
		{54AF6358-340C-4A37-AE6B-9C61AAD0779E}.Debug|x86.Build.0 = Debug|Win32
		{54AF6358-340C-4A37-AE6B-9C61AAD0779E}.Release|x64.ActiveCfg = Release|x64
		{54AF6358-340C-4A37-AE6B-9C61AAD0779E}.Release|x64.Build.0 = Release|x64
		{54AF6358-340C-4A37-AE6B-9C61AAD0779E}.Release|x86.ActiveCfg = Release|Win32
		{54AF6358-340C-4A37-AE6B-9C61AAD0779E}.Release|x86.Build.0 = Release|Win32
		{86093F60-A630-4BF9-B36D-90FCF200D264}.Debug|x64.ActiveCfg = Debug|x64
		{86093F60-A630-4BF9-B36D-90FCF200D264}.Debug|x64.Build.0 = Debug|x64
		{86093F60-A630-4BF9-B36D-90FCF200D264}.Debug|x86.ActiveCfg = Debug|Win32
		{86093F60-A630-4BF9-B36D-90FCF200D264}.Debug|x86.Build.0 = Debug|Win32
		{86093F60-A630-4BF9-B36D-90FCF200D264}.Release|x64.ActiveCfg = Release|x64
		{86093F60-A630-4BF9-B36D-90FCF200D264}.Release|x64.Build.0 = Release|x64
		{86093F60-A630-4BF9-B36D-90FCF200D264}.Release|x86.ActiveCfg = Release|Win32
		{86093F60-A630-4BF9-B36D-90FCF200D264}.Release|x86.Build.0 = Release|Win32
		{95102A6B-52EC-4E8D-AF52-4F9E0C9AB836}.Debug|x64.ActiveCfg = Debug|x64
		{95102A6B-52EC-4E8D-AF52-4F9E0C9AB836}.Debug|x64.Build.0 = Debug|x64
		{95102A6B-52EC-4E8D-AF52-4F9E0C9AB836}.Debug|x86.ActiveCfg = Debug|Win32
		{95102A6B-52EC-4E8D-AF52-4F9E0C9AB836}.Debug|x86.Build.0 = Debug|Win32
		{95102A6B-52EC-4E8D-AF52-4F9E0C9AB836}.Release|x64.ActiveCfg = Release|x64
		{95102A6B-52EC-4E8D-AF52-4F9E0C9AB836}.Release|x64.Build.0 = Release|x64
		{95102A6B-52EC-4E8D-AF52-4F9E0C9AB836}.Release|x86.ActiveCfg = Release|Win32
		{95102A6B-52EC-4E8D-AF52-4F9E0C9AB836}.Release|x86.Build.0 = Release|Win32
		{2B805DCF-C928-4E1F-8378-9349EE13DEDD}.Debug|x64.ActiveCfg = Debug|x64
		{2B805DCF-C928-4E1F-8378-9349EE13DEDD}.Debug|x64.Build.0 = Debug|x64
		{2B805DCF-C928-4E1F-8378-9349EE13DEDD}.Debug|x86.ActiveCfg = Debug|Win32
		{2B805DCF-C928-4E1F-8378-9349EE13DEDD}.Debug|x86.Build.0 = Debug|Win32
		{2B805DCF-C928-4E1F-8378-9349EE13DEDD}.Release|x64.ActiveCfg = Release|x64
		{2B805DCF-C928-4E1F-8378-9349EE13DEDD}.Release|x64.Build.0 = Release|x64
		{2B805DCF-C928-4E1F-8378-9349EE13DEDD}.Release|x86.ActiveCfg = Release|Win32
		{2B805DCF-C928-4E1F-8378-9349EE13DEDD}.Release|x86.Build.0 = Release|Win32
		{42836C66-F756-437D-A2B2-52C4E5EF52E6}.Debug|x64.ActiveCfg = Debug|x64
		{42836C66-F756-437D-A2B2-52C4E5EF52E6}.Debug|x64.Build.0 = Debug|x64
		{42836C66-F756-437D-A2B2-52C4E5EF52E6}.Debug|x86.ActiveCfg = Debug|Win32
		{42836C66-F756-437D-A2B2-52C4E5EF52E6}.Debug|x86.Build.0 = Debug|Win32
		{42836C66-F756-437D-A2B2-52C4E5EF52E6}.Release|x64.ActiveCfg = Release|x64
		{42836C66-F756-437D-A2B2-52C4E5EF52E6}.Release|x64.Build.0 = Release|x64
		{42836C66-F756-437D-A2B2-52C4E5EF52E6}.Release|x86.ActiveCfg = Release|Win32
		{42836C66-F756-437D-A2B2-52C4E5EF52E6}.Release|x86.Build.0 = Release|Win32
		{D7307AA9-9AD2-4B30-BFE3-0264B7E48277}.Debug|x64.ActiveCfg = Debug|x64
		{D7307AA9-9AD2-4B30-BFE3-0264B7E48277}.Debug|x64.Build.0 = Debug|x64
		{D7307AA9-9AD2-4B30-BFE3-0264B7E48277}.Debug|x86.ActiveCfg = Debug|Win32
		{D7307AA9-9AD2-4B30-BFE3-0264B7E48277}.Debug|x86.Build.0 = Debug|Win32
		{D7307AA9-9AD2-4B30-BFE3-0264B7E48277}.Release|x64.ActiveCfg = Release|x64
		{D7307AA9-9AD2-4B30-BFE3-0264B7E48277}.Release|x64.Build.0 = Release|x64
		{D7307AA9-9AD2-4B30-BFE3-0264B7E48277}.Release|x86.ActiveCfg = Release|Win32
		{D7307AA9-9AD2-4B30-BFE3-0264B7E48277}.Release|x86.Build.0 = Release|Win32
		{FD9BEE33-2C6A-461B-8855-4A373B3A2894}.Debug|x64.ActiveCfg = Debug|x64
		{FD9BEE33-2C6A-461B-8855-4A373B3A2894}.Debug|x64.Build.0 = Debug|x64
		{FD9BEE33-2C6A-461B-8855-4A373B3A2894}.Debug|x86.ActiveCfg = Debug|Win32
		{FD9BEE33-2C6A-461B-8855-4A373B3A2894}.Debug|x86.Build.0 = Debug|Win32
		{FD9BEE33-2C6A-461B-8855-4A373B3A2894}.Release|x64.ActiveCfg = Release|x64
		{FD9BEE33-2C6A-461B-8855-4A373B3A2894}.Release|x64.Build.0 = Release|x64
		{FD9BEE33-2C6A-461B-8855-4A373B3A2894}.Release|x86.ActiveCfg = Release|Win32
		{FD9BEE33-2C6A-461B-8855-4A373B3A2894}.Release|x86.Build.0 = Release|Win32
		{D66E0A18-7232-4FC5-ACA9-84C499924642}.Debug|x64.ActiveCfg = Debug|x64
		{D66E0A18-7232-4FC5-ACA9-84C499924642}.Debug|x64.Build.0 = Debug|x64
		{D66E0A18-7232-4FC5-ACA9-84C499924642}.Debug|x86.ActiveCfg = Debug|Win32
		{D66E0A18-7232-4FC5-ACA9-84C499924642}.Debug|x86.Build.0 = Debug|Win32
		{D66E0A18-7232-4FC5-ACA9-84C499924642}.Release|x64.ActiveCfg = Release|x64
		{D66E0A18-7232-4FC5-ACA9-84C499924642}.Release|x64.Build.0 = Release|x64
		{D66E0A18-7232-4FC5-ACA9-84C499924642}.Release|x86.ActiveCfg = Release|Win32
		{D66E0A18-7232-4FC5-ACA9-84C499924642}.Release|x86.Build.0 = Release|Win32
		{D3E39890-F3B3-43F8-9F5F-F1C0BE5599A0}.Debug|x64.ActiveCfg = Debug|x64
		{D3E39890-F3B3-43F8-9F5F-F1C0BE5599A0}.Debug|x64.Build.0 = Debug|x64
		{D3E39890-F3B3-43F8-9F5F-F1C0BE5599A0}.Debug|x86.ActiveCfg = Debug|Win32
		{D3E39890-F3B3-43F8-9F5F-F1C0BE5599A0}.Debug|x86.Build.0 = Debug|Win32
		{D3E39890-F3B3-43F8-9F5F-F1C0BE5599A0}.Release|x64.ActiveCfg = Release|x64
		{D3E39890-F3B3-43F8-9F5F-F1C0BE5599A0}.Release|x64.Build.0 = Release|x64
		{D3E39890-F3B3-43F8-9F5F-F1C0BE5599A0}.Release|x86.ActiveCfg = Release|Win32
		{D3E39890-F3B3-43F8-9F5F-F1C0BE5599A0}.Release|x86.Build.0 = Release|Win32
		{313B1B5F-9DFD-46BB-9141-728D554F06EE}.Debug|x64.ActiveCfg = Debug|x64
		{313B1B5F-9DFD-46BB-9141-728D554F06EE}.Debug|x64.Build.0 = Debug|x64
		{313B1B5F-9DFD-46BB-9141-728D554F06EE}.Debug|x86.ActiveCfg = Debug|Win32
		{313B1B5F-9DFD-46BB-9141-728D554F06EE}.Debug|x86.Build.0 = Debug|Win32
		{313B1B5F-9DFD-46BB-9141-728D554F06EE}.Release|x64.ActiveCfg = Release|x64
		{313B1B5F-9DFD-46BB-9141-728D554F06EE}.Release|x64.Build.0 = Release|x64
		{313B1B5F-9DFD-46BB-9141-728D554F06EE}.Release|x86.ActiveCfg = Release|Win32
		{313B1B5F-9DFD-46BB-9141-728D554F06EE}.Release|x86.Build.0 = Release|Win32
	EndGlobalSection
	GlobalSection(SolutionProperties) = preSolution
		HideSolutionNode = FALSE
	EndGlobalSection
	GlobalSection(ExtensibilityGlobals) = postSolution
		SolutionGuid = {40368238-6B0D-43DB-A242-803BE9093F65}
	EndGlobalSection
EndGlobal
