
Microsoft Visual Studio Solution File, Format Version 12.00
# Visual Studio Version 17
VisualStudioVersion = 17.0.32112.339
MinimumVisualStudioVersion = 10.0.40219.1
Project("{8BC9CEB8-8B4A-11D0-8D11-00A0C91BC942}") = "P01DFRuiz", "P01DFRuiz\P01DFRuiz.vcxproj", "{2D13745A-49EA-406A-85B4-3902695DBB75}"
EndProject
Project("{8BC9CEB8-8B4A-11D0-8D11-00A0C91BC942}") = "P01BFSRuiz", "P01BFSRuiz\P01BFSRuiz.vcxproj", "{CDEF69AB-9B23-4741-8B39-2AAB817CA481}"
EndProject
Global
	GlobalSection(SolutionConfigurationPlatforms) = preSolution
		Debug|x64 = Debug|x64
		Debug|x86 = Debug|x86
		Release|x64 = Release|x64
		Release|x86 = Release|x86
	EndGlobalSection
	GlobalSection(ProjectConfigurationPlatforms) = postSolution
		{2D13745A-49EA-406A-85B4-3902695DBB75}.Debug|x64.ActiveCfg = Debug|x64
		{2D13745A-49EA-406A-85B4-3902695DBB75}.Debug|x64.Build.0 = Debug|x64
		{2D13745A-49EA-406A-85B4-3902695DBB75}.Debug|x86.ActiveCfg = Debug|Win32
		{2D13745A-49EA-406A-85B4-3902695DBB75}.Debug|x86.Build.0 = Debug|Win32
		{2D13745A-49EA-406A-85B4-3902695DBB75}.Release|x64.ActiveCfg = Release|x64
		{2D13745A-49EA-406A-85B4-3902695DBB75}.Release|x64.Build.0 = Release|x64
		{2D13745A-49EA-406A-85B4-3902695DBB75}.Release|x86.ActiveCfg = Release|Win32
		{2D13745A-49EA-406A-85B4-3902695DBB75}.Release|x86.Build.0 = Release|Win32
		{CDEF69AB-9B23-4741-8B39-2AAB817CA481}.Debug|x64.ActiveCfg = Debug|x64
		{CDEF69AB-9B23-4741-8B39-2AAB817CA481}.Debug|x64.Build.0 = Debug|x64
		{CDEF69AB-9B23-4741-8B39-2AAB817CA481}.Debug|x86.ActiveCfg = Debug|Win32
		{CDEF69AB-9B23-4741-8B39-2AAB817CA481}.Debug|x86.Build.0 = Debug|Win32
		{CDEF69AB-9B23-4741-8B39-2AAB817CA481}.Release|x64.ActiveCfg = Release|x64
		{CDEF69AB-9B23-4741-8B39-2AAB817CA481}.Release|x64.Build.0 = Release|x64
		{CDEF69AB-9B23-4741-8B39-2AAB817CA481}.Release|x86.ActiveCfg = Release|Win32
		{CDEF69AB-9B23-4741-8B39-2AAB817CA481}.Release|x86.Build.0 = Release|Win32
	EndGlobalSection
	GlobalSection(SolutionProperties) = preSolution
		HideSolutionNode = FALSE
	EndGlobalSection
	GlobalSection(ExtensibilityGlobals) = postSolution
		SolutionGuid = {307E6385-F829-4D42-9967-12307D03E3C1}
	EndGlobalSection
EndGlobal
