
Microsoft Visual Studio Solution File, Format Version 12.00
# Visual Studio Version 17
VisualStudioVersion = 17.0.32112.339
MinimumVisualStudioVersion = 10.0.40219.1
Project("{8BC9CEB8-8B4A-11D0-8D11-00A0C91BC942}") = "Question1", "JobCode\JobCode.vcxproj", "{672D2371-577E-410C-9B99-D5F057DB710A}"
EndProject
Project("{8BC9CEB8-8B4A-11D0-8D11-00A0C91BC942}") = "Question2", "Question2\Question2.vcxproj", "{7EB55CCA-405E-4453-B83B-69435F5C166A}"
EndProject
Project("{8BC9CEB8-8B4A-11D0-8D11-00A0C91BC942}") = "RuntimePolymorphism", "RuntimePolymorphism\RuntimePolymorphism.vcxproj", "{999AF5AC-4009-4F92-8C7F-DD712ECA28DB}"
EndProject
Project("{8BC9CEB8-8B4A-11D0-8D11-00A0C91BC942}") = "Tuple", "Tuple\Tuple.vcxproj", "{2D598887-BB49-4AC4-A83A-2E78F415EB3F}"
EndProject
Global
	GlobalSection(SolutionConfigurationPlatforms) = preSolution
		Debug|x64 = Debug|x64
		Debug|x86 = Debug|x86
		Release|x64 = Release|x64
		Release|x86 = Release|x86
	EndGlobalSection
	GlobalSection(ProjectConfigurationPlatforms) = postSolution
		{672D2371-577E-410C-9B99-D5F057DB710A}.Debug|x64.ActiveCfg = Debug|x64
		{672D2371-577E-410C-9B99-D5F057DB710A}.Debug|x64.Build.0 = Debug|x64
		{672D2371-577E-410C-9B99-D5F057DB710A}.Debug|x86.ActiveCfg = Debug|Win32
		{672D2371-577E-410C-9B99-D5F057DB710A}.Debug|x86.Build.0 = Debug|Win32
		{672D2371-577E-410C-9B99-D5F057DB710A}.Release|x64.ActiveCfg = Release|x64
		{672D2371-577E-410C-9B99-D5F057DB710A}.Release|x64.Build.0 = Release|x64
		{672D2371-577E-410C-9B99-D5F057DB710A}.Release|x86.ActiveCfg = Release|Win32
		{672D2371-577E-410C-9B99-D5F057DB710A}.Release|x86.Build.0 = Release|Win32
		{7EB55CCA-405E-4453-B83B-69435F5C166A}.Debug|x64.ActiveCfg = Debug|x64
		{7EB55CCA-405E-4453-B83B-69435F5C166A}.Debug|x64.Build.0 = Debug|x64
		{7EB55CCA-405E-4453-B83B-69435F5C166A}.Debug|x86.ActiveCfg = Debug|Win32
		{7EB55CCA-405E-4453-B83B-69435F5C166A}.Debug|x86.Build.0 = Debug|Win32
		{7EB55CCA-405E-4453-B83B-69435F5C166A}.Release|x64.ActiveCfg = Release|x64
		{7EB55CCA-405E-4453-B83B-69435F5C166A}.Release|x64.Build.0 = Release|x64
		{7EB55CCA-405E-4453-B83B-69435F5C166A}.Release|x86.ActiveCfg = Release|Win32
		{7EB55CCA-405E-4453-B83B-69435F5C166A}.Release|x86.Build.0 = Release|Win32
		{999AF5AC-4009-4F92-8C7F-DD712ECA28DB}.Debug|x64.ActiveCfg = Debug|x64
		{999AF5AC-4009-4F92-8C7F-DD712ECA28DB}.Debug|x64.Build.0 = Debug|x64
		{999AF5AC-4009-4F92-8C7F-DD712ECA28DB}.Debug|x86.ActiveCfg = Debug|Win32
		{999AF5AC-4009-4F92-8C7F-DD712ECA28DB}.Debug|x86.Build.0 = Debug|Win32
		{999AF5AC-4009-4F92-8C7F-DD712ECA28DB}.Release|x64.ActiveCfg = Release|x64
		{999AF5AC-4009-4F92-8C7F-DD712ECA28DB}.Release|x64.Build.0 = Release|x64
		{999AF5AC-4009-4F92-8C7F-DD712ECA28DB}.Release|x86.ActiveCfg = Release|Win32
		{999AF5AC-4009-4F92-8C7F-DD712ECA28DB}.Release|x86.Build.0 = Release|Win32
		{2D598887-BB49-4AC4-A83A-2E78F415EB3F}.Debug|x64.ActiveCfg = Debug|x64
		{2D598887-BB49-4AC4-A83A-2E78F415EB3F}.Debug|x64.Build.0 = Debug|x64
		{2D598887-BB49-4AC4-A83A-2E78F415EB3F}.Debug|x86.ActiveCfg = Debug|Win32
		{2D598887-BB49-4AC4-A83A-2E78F415EB3F}.Debug|x86.Build.0 = Debug|Win32
		{2D598887-BB49-4AC4-A83A-2E78F415EB3F}.Release|x64.ActiveCfg = Release|x64
		{2D598887-BB49-4AC4-A83A-2E78F415EB3F}.Release|x64.Build.0 = Release|x64
		{2D598887-BB49-4AC4-A83A-2E78F415EB3F}.Release|x86.ActiveCfg = Release|Win32
		{2D598887-BB49-4AC4-A83A-2E78F415EB3F}.Release|x86.Build.0 = Release|Win32
	EndGlobalSection
	GlobalSection(SolutionProperties) = preSolution
		HideSolutionNode = FALSE
	EndGlobalSection
	GlobalSection(ExtensibilityGlobals) = postSolution
		SolutionGuid = {C845E7B0-D77B-42C7-89FF-0443D7C9780A}
	EndGlobalSection
EndGlobal
