
Microsoft Visual Studio Solution File, Format Version 12.00
# Visual Studio Version 16
VisualStudioVersion = 16.0.30503.244
MinimumVisualStudioVersion = 10.0.40219.1
Project("{8BC9CEB8-8B4A-11D0-8D11-00A0C91BC942}") = "PR1401", "PR1401\PR1401.vcxproj", "{92C972A1-E5D1-4063-9E4E-AD13237DCC0C}"
EndProject
Project("{8BC9CEB8-8B4A-11D0-8D11-00A0C91BC942}") = "PR1405", "PR1405\PR1405.vcxproj", "{E096D583-2DB4-4953-9B6B-F7E3136E78C0}"
EndProject
Project("{8BC9CEB8-8B4A-11D0-8D11-00A0C91BC942}") = "PR1412", "PR1412\PR1412.vcxproj", "{9844BFA3-284A-4EE5-B319-A34DA4440305}"
EndProject
Project("{8BC9CEB8-8B4A-11D0-8D11-00A0C91BC942}") = "PR1413", "PR1413\PR1413.vcxproj", "{5BAFE131-5B68-4A92-90B2-869E7E1971BC}"
EndProject
Project("{8BC9CEB8-8B4A-11D0-8D11-00A0C91BC942}") = "PR1416", "PR1416\PR1416.vcxproj", "{A51A5058-1D23-470E-A7BD-45D36AB5E956}"
EndProject
Project("{8BC9CEB8-8B4A-11D0-8D11-00A0C91BC942}") = "PR1418", "PR1418\PR1418.vcxproj", "{D869DCA9-F0FC-4473-A4A2-5CA3C57A0C3C}"
EndProject
Project("{8BC9CEB8-8B4A-11D0-8D11-00A0C91BC942}") = "StaticDemo", "StaticDemo\StaticDemo.vcxproj", "{2C6D1A86-A798-4891-AB72-B6753A3B88DF}"
EndProject
Project("{8BC9CEB8-8B4A-11D0-8D11-00A0C91BC942}") = "PR1418a", "PR1418a\PR1418a.vcxproj", "{4379EB90-FC7C-46E9-BF31-834AAAB52A2C}"
EndProject
Project("{8BC9CEB8-8B4A-11D0-8D11-00A0C91BC942}") = "PR1402BudgetV1", "PR1402BudgetV1\PR1402BudgetV1.vcxproj", "{68E4D371-0658-4C5D-BFF5-83FC931EBD76}"
EndProject
Project("{8BC9CEB8-8B4A-11D0-8D11-00A0C91BC942}") = "PR1403BudgetV2", "PR1403BudgetV2\PR1403BudgetV2.vcxproj", "{172E6594-1C28-49C5-A6DB-9CD91D249B08}"
EndProject
Project("{8BC9CEB8-8B4A-11D0-8D11-00A0C91BC942}") = "PR1404BudgetV3", "PR1404BudgetV3\PR1404BudgetV3.vcxproj", "{B9FB9DB3-63DF-4FA1-9EDC-ABA3A33D1B9E}"
EndProject
Project("{8BC9CEB8-8B4A-11D0-8D11-00A0C91BC942}") = "PR1408FeetInchesV1", "PR1408FeetInchesV1\PR1408FeetInchesV1.vcxproj", "{869ABA0A-AEAD-4293-ACF2-D34F0AA20E4A}"
EndProject
Project("{8BC9CEB8-8B4A-11D0-8D11-00A0C91BC942}") = "PR1409FeetInchesV2", "PR1409FeetInchesV2\PR1409FeetInchesV2.vcxproj", "{A9A1DA1E-C36A-4A50-A825-03C98CFB2DBE}"
EndProject
Project("{8BC9CEB8-8B4A-11D0-8D11-00A0C91BC942}") = "PR1410FeetInchesV3", "PR1410FeetInchesV3\PR1410FeetInchesV3.vcxproj", "{7E59C0F1-2F82-44C9-B1C0-E7489AF6856F}"
EndProject
Project("{8BC9CEB8-8B4A-11D0-8D11-00A0C91BC942}") = "PR1411FeetInchesV4", "PR1411FeetInchesV4\PR1411FeetInchesV4.vcxproj", "{37E9107E-C919-4105-9B08-4B07D3687EA5}"
EndProject
Project("{8BC9CEB8-8B4A-11D0-8D11-00A0C91BC942}") = "PR1414FeetInchesV5", "PR1414FeetInchesV5\PR1414FeetInchesV5.vcxproj", "{A60B38CA-2C72-4D2C-9364-CF9E43503B9C}"
EndProject
Project("{8BC9CEB8-8B4A-11D0-8D11-00A0C91BC942}") = "PR1415MemberInit", "PR1415MemberInit\PR1415MemberInit.vcxproj", "{42AD28C0-2BD5-4376-9987-49062DA2D626}"
EndProject
Project("{8BC9CEB8-8B4A-11D0-8D11-00A0C91BC942}") = "StudentTestScoresV1", "StudentTestScoresV1\StudentTestScoresV1.vcxproj", "{AC877DCE-FAD9-482C-9444-FEC870112FBD}"
EndProject
Project("{8BC9CEB8-8B4A-11D0-8D11-00A0C91BC942}") = "StudentTestScoresV2", "StudentTestScoresV2\StudentTestScoresV2.vcxproj", "{527499AC-DE6C-4B33-95F0-5BC47C378F55}"
EndProject
Project("{8BC9CEB8-8B4A-11D0-8D11-00A0C91BC942}") = "PR1406StudentTestScores", "PR1406StudentTestScores\PR1406StudentTestScores.vcxproj", "{E8CD84CF-B2DE-4595-A53E-D92FC1EA0FE7}"
EndProject
Project("{8BC9CEB8-8B4A-11D0-8D11-00A0C91BC942}") = "PR1407StudentTestScores", "PR1407StudentTestScores\PR1407StudentTestScores.vcxproj", "{2B797A9A-12CA-4BA2-AF37-DC34C56BA2FE}"
EndProject
Global
	GlobalSection(SolutionConfigurationPlatforms) = preSolution
		Debug|x64 = Debug|x64
		Debug|x86 = Debug|x86
		Release|x64 = Release|x64
		Release|x86 = Release|x86
	EndGlobalSection
	GlobalSection(ProjectConfigurationPlatforms) = postSolution
		{92C972A1-E5D1-4063-9E4E-AD13237DCC0C}.Debug|x64.ActiveCfg = Debug|x64
		{92C972A1-E5D1-4063-9E4E-AD13237DCC0C}.Debug|x64.Build.0 = Debug|x64
		{92C972A1-E5D1-4063-9E4E-AD13237DCC0C}.Debug|x86.ActiveCfg = Debug|Win32
		{92C972A1-E5D1-4063-9E4E-AD13237DCC0C}.Debug|x86.Build.0 = Debug|Win32
		{92C972A1-E5D1-4063-9E4E-AD13237DCC0C}.Release|x64.ActiveCfg = Release|x64
		{92C972A1-E5D1-4063-9E4E-AD13237DCC0C}.Release|x64.Build.0 = Release|x64
		{92C972A1-E5D1-4063-9E4E-AD13237DCC0C}.Release|x86.ActiveCfg = Release|Win32
		{92C972A1-E5D1-4063-9E4E-AD13237DCC0C}.Release|x86.Build.0 = Release|Win32
		{E096D583-2DB4-4953-9B6B-F7E3136E78C0}.Debug|x64.ActiveCfg = Debug|x64
		{E096D583-2DB4-4953-9B6B-F7E3136E78C0}.Debug|x64.Build.0 = Debug|x64
		{E096D583-2DB4-4953-9B6B-F7E3136E78C0}.Debug|x86.ActiveCfg = Debug|Win32
		{E096D583-2DB4-4953-9B6B-F7E3136E78C0}.Debug|x86.Build.0 = Debug|Win32
		{E096D583-2DB4-4953-9B6B-F7E3136E78C0}.Release|x64.ActiveCfg = Release|x64
		{E096D583-2DB4-4953-9B6B-F7E3136E78C0}.Release|x64.Build.0 = Release|x64
		{E096D583-2DB4-4953-9B6B-F7E3136E78C0}.Release|x86.ActiveCfg = Release|Win32
		{E096D583-2DB4-4953-9B6B-F7E3136E78C0}.Release|x86.Build.0 = Release|Win32
		{9844BFA3-284A-4EE5-B319-A34DA4440305}.Debug|x64.ActiveCfg = Debug|x64
		{9844BFA3-284A-4EE5-B319-A34DA4440305}.Debug|x64.Build.0 = Debug|x64
		{9844BFA3-284A-4EE5-B319-A34DA4440305}.Debug|x86.ActiveCfg = Debug|Win32
		{9844BFA3-284A-4EE5-B319-A34DA4440305}.Debug|x86.Build.0 = Debug|Win32
		{9844BFA3-284A-4EE5-B319-A34DA4440305}.Release|x64.ActiveCfg = Release|x64
		{9844BFA3-284A-4EE5-B319-A34DA4440305}.Release|x64.Build.0 = Release|x64
		{9844BFA3-284A-4EE5-B319-A34DA4440305}.Release|x86.ActiveCfg = Release|Win32
		{9844BFA3-284A-4EE5-B319-A34DA4440305}.Release|x86.Build.0 = Release|Win32
		{5BAFE131-5B68-4A92-90B2-869E7E1971BC}.Debug|x64.ActiveCfg = Debug|x64
		{5BAFE131-5B68-4A92-90B2-869E7E1971BC}.Debug|x64.Build.0 = Debug|x64
		{5BAFE131-5B68-4A92-90B2-869E7E1971BC}.Debug|x86.ActiveCfg = Debug|Win32
		{5BAFE131-5B68-4A92-90B2-869E7E1971BC}.Debug|x86.Build.0 = Debug|Win32
		{5BAFE131-5B68-4A92-90B2-869E7E1971BC}.Release|x64.ActiveCfg = Release|x64
		{5BAFE131-5B68-4A92-90B2-869E7E1971BC}.Release|x64.Build.0 = Release|x64
		{5BAFE131-5B68-4A92-90B2-869E7E1971BC}.Release|x86.ActiveCfg = Release|Win32
		{5BAFE131-5B68-4A92-90B2-869E7E1971BC}.Release|x86.Build.0 = Release|Win32
		{A51A5058-1D23-470E-A7BD-45D36AB5E956}.Debug|x64.ActiveCfg = Debug|x64
		{A51A5058-1D23-470E-A7BD-45D36AB5E956}.Debug|x64.Build.0 = Debug|x64
		{A51A5058-1D23-470E-A7BD-45D36AB5E956}.Debug|x86.ActiveCfg = Debug|Win32
		{A51A5058-1D23-470E-A7BD-45D36AB5E956}.Debug|x86.Build.0 = Debug|Win32
		{A51A5058-1D23-470E-A7BD-45D36AB5E956}.Release|x64.ActiveCfg = Release|x64
		{A51A5058-1D23-470E-A7BD-45D36AB5E956}.Release|x64.Build.0 = Release|x64
		{A51A5058-1D23-470E-A7BD-45D36AB5E956}.Release|x86.ActiveCfg = Release|Win32
		{A51A5058-1D23-470E-A7BD-45D36AB5E956}.Release|x86.Build.0 = Release|Win32
		{D869DCA9-F0FC-4473-A4A2-5CA3C57A0C3C}.Debug|x64.ActiveCfg = Debug|x64
		{D869DCA9-F0FC-4473-A4A2-5CA3C57A0C3C}.Debug|x64.Build.0 = Debug|x64
		{D869DCA9-F0FC-4473-A4A2-5CA3C57A0C3C}.Debug|x86.ActiveCfg = Debug|Win32
		{D869DCA9-F0FC-4473-A4A2-5CA3C57A0C3C}.Debug|x86.Build.0 = Debug|Win32
		{D869DCA9-F0FC-4473-A4A2-5CA3C57A0C3C}.Release|x64.ActiveCfg = Release|x64
		{D869DCA9-F0FC-4473-A4A2-5CA3C57A0C3C}.Release|x64.Build.0 = Release|x64
		{D869DCA9-F0FC-4473-A4A2-5CA3C57A0C3C}.Release|x86.ActiveCfg = Release|Win32
		{D869DCA9-F0FC-4473-A4A2-5CA3C57A0C3C}.Release|x86.Build.0 = Release|Win32
		{2C6D1A86-A798-4891-AB72-B6753A3B88DF}.Debug|x64.ActiveCfg = Debug|x64
		{2C6D1A86-A798-4891-AB72-B6753A3B88DF}.Debug|x64.Build.0 = Debug|x64
		{2C6D1A86-A798-4891-AB72-B6753A3B88DF}.Debug|x86.ActiveCfg = Debug|Win32
		{2C6D1A86-A798-4891-AB72-B6753A3B88DF}.Debug|x86.Build.0 = Debug|Win32
		{2C6D1A86-A798-4891-AB72-B6753A3B88DF}.Release|x64.ActiveCfg = Release|x64
		{2C6D1A86-A798-4891-AB72-B6753A3B88DF}.Release|x64.Build.0 = Release|x64
		{2C6D1A86-A798-4891-AB72-B6753A3B88DF}.Release|x86.ActiveCfg = Release|Win32
		{2C6D1A86-A798-4891-AB72-B6753A3B88DF}.Release|x86.Build.0 = Release|Win32
		{4379EB90-FC7C-46E9-BF31-834AAAB52A2C}.Debug|x64.ActiveCfg = Debug|x64
		{4379EB90-FC7C-46E9-BF31-834AAAB52A2C}.Debug|x64.Build.0 = Debug|x64
		{4379EB90-FC7C-46E9-BF31-834AAAB52A2C}.Debug|x86.ActiveCfg = Debug|Win32
		{4379EB90-FC7C-46E9-BF31-834AAAB52A2C}.Debug|x86.Build.0 = Debug|Win32
		{4379EB90-FC7C-46E9-BF31-834AAAB52A2C}.Release|x64.ActiveCfg = Release|x64
		{4379EB90-FC7C-46E9-BF31-834AAAB52A2C}.Release|x64.Build.0 = Release|x64
		{4379EB90-FC7C-46E9-BF31-834AAAB52A2C}.Release|x86.ActiveCfg = Release|Win32
		{4379EB90-FC7C-46E9-BF31-834AAAB52A2C}.Release|x86.Build.0 = Release|Win32
		{68E4D371-0658-4C5D-BFF5-83FC931EBD76}.Debug|x64.ActiveCfg = Debug|x64
		{68E4D371-0658-4C5D-BFF5-83FC931EBD76}.Debug|x64.Build.0 = Debug|x64
		{68E4D371-0658-4C5D-BFF5-83FC931EBD76}.Debug|x86.ActiveCfg = Debug|Win32
		{68E4D371-0658-4C5D-BFF5-83FC931EBD76}.Debug|x86.Build.0 = Debug|Win32
		{68E4D371-0658-4C5D-BFF5-83FC931EBD76}.Release|x64.ActiveCfg = Release|x64
		{68E4D371-0658-4C5D-BFF5-83FC931EBD76}.Release|x64.Build.0 = Release|x64
		{68E4D371-0658-4C5D-BFF5-83FC931EBD76}.Release|x86.ActiveCfg = Release|Win32
		{68E4D371-0658-4C5D-BFF5-83FC931EBD76}.Release|x86.Build.0 = Release|Win32
		{172E6594-1C28-49C5-A6DB-9CD91D249B08}.Debug|x64.ActiveCfg = Debug|x64
		{172E6594-1C28-49C5-A6DB-9CD91D249B08}.Debug|x64.Build.0 = Debug|x64
		{172E6594-1C28-49C5-A6DB-9CD91D249B08}.Debug|x86.ActiveCfg = Debug|Win32
		{172E6594-1C28-49C5-A6DB-9CD91D249B08}.Debug|x86.Build.0 = Debug|Win32
		{172E6594-1C28-49C5-A6DB-9CD91D249B08}.Release|x64.ActiveCfg = Release|x64
		{172E6594-1C28-49C5-A6DB-9CD91D249B08}.Release|x64.Build.0 = Release|x64
		{172E6594-1C28-49C5-A6DB-9CD91D249B08}.Release|x86.ActiveCfg = Release|Win32
		{172E6594-1C28-49C5-A6DB-9CD91D249B08}.Release|x86.Build.0 = Release|Win32
		{B9FB9DB3-63DF-4FA1-9EDC-ABA3A33D1B9E}.Debug|x64.ActiveCfg = Debug|x64
		{B9FB9DB3-63DF-4FA1-9EDC-ABA3A33D1B9E}.Debug|x64.Build.0 = Debug|x64
		{B9FB9DB3-63DF-4FA1-9EDC-ABA3A33D1B9E}.Debug|x86.ActiveCfg = Debug|Win32
		{B9FB9DB3-63DF-4FA1-9EDC-ABA3A33D1B9E}.Debug|x86.Build.0 = Debug|Win32
		{B9FB9DB3-63DF-4FA1-9EDC-ABA3A33D1B9E}.Release|x64.ActiveCfg = Release|x64
		{B9FB9DB3-63DF-4FA1-9EDC-ABA3A33D1B9E}.Release|x64.Build.0 = Release|x64
		{B9FB9DB3-63DF-4FA1-9EDC-ABA3A33D1B9E}.Release|x86.ActiveCfg = Release|Win32
		{B9FB9DB3-63DF-4FA1-9EDC-ABA3A33D1B9E}.Release|x86.Build.0 = Release|Win32
		{869ABA0A-AEAD-4293-ACF2-D34F0AA20E4A}.Debug|x64.ActiveCfg = Debug|x64
		{869ABA0A-AEAD-4293-ACF2-D34F0AA20E4A}.Debug|x64.Build.0 = Debug|x64
		{869ABA0A-AEAD-4293-ACF2-D34F0AA20E4A}.Debug|x86.ActiveCfg = Debug|Win32
		{869ABA0A-AEAD-4293-ACF2-D34F0AA20E4A}.Debug|x86.Build.0 = Debug|Win32
		{869ABA0A-AEAD-4293-ACF2-D34F0AA20E4A}.Release|x64.ActiveCfg = Release|x64
		{869ABA0A-AEAD-4293-ACF2-D34F0AA20E4A}.Release|x64.Build.0 = Release|x64
		{869ABA0A-AEAD-4293-ACF2-D34F0AA20E4A}.Release|x86.ActiveCfg = Release|Win32
		{869ABA0A-AEAD-4293-ACF2-D34F0AA20E4A}.Release|x86.Build.0 = Release|Win32
		{A9A1DA1E-C36A-4A50-A825-03C98CFB2DBE}.Debug|x64.ActiveCfg = Debug|x64
		{A9A1DA1E-C36A-4A50-A825-03C98CFB2DBE}.Debug|x64.Build.0 = Debug|x64
		{A9A1DA1E-C36A-4A50-A825-03C98CFB2DBE}.Debug|x86.ActiveCfg = Debug|Win32
		{A9A1DA1E-C36A-4A50-A825-03C98CFB2DBE}.Debug|x86.Build.0 = Debug|Win32
		{A9A1DA1E-C36A-4A50-A825-03C98CFB2DBE}.Release|x64.ActiveCfg = Release|x64
		{A9A1DA1E-C36A-4A50-A825-03C98CFB2DBE}.Release|x64.Build.0 = Release|x64
		{A9A1DA1E-C36A-4A50-A825-03C98CFB2DBE}.Release|x86.ActiveCfg = Release|Win32
		{A9A1DA1E-C36A-4A50-A825-03C98CFB2DBE}.Release|x86.Build.0 = Release|Win32
		{7E59C0F1-2F82-44C9-B1C0-E7489AF6856F}.Debug|x64.ActiveCfg = Debug|x64
		{7E59C0F1-2F82-44C9-B1C0-E7489AF6856F}.Debug|x64.Build.0 = Debug|x64
		{7E59C0F1-2F82-44C9-B1C0-E7489AF6856F}.Debug|x86.ActiveCfg = Debug|Win32
		{7E59C0F1-2F82-44C9-B1C0-E7489AF6856F}.Debug|x86.Build.0 = Debug|Win32
		{7E59C0F1-2F82-44C9-B1C0-E7489AF6856F}.Release|x64.ActiveCfg = Release|x64
		{7E59C0F1-2F82-44C9-B1C0-E7489AF6856F}.Release|x64.Build.0 = Release|x64
		{7E59C0F1-2F82-44C9-B1C0-E7489AF6856F}.Release|x86.ActiveCfg = Release|Win32
		{7E59C0F1-2F82-44C9-B1C0-E7489AF6856F}.Release|x86.Build.0 = Release|Win32
		{37E9107E-C919-4105-9B08-4B07D3687EA5}.Debug|x64.ActiveCfg = Debug|x64
		{37E9107E-C919-4105-9B08-4B07D3687EA5}.Debug|x64.Build.0 = Debug|x64
		{37E9107E-C919-4105-9B08-4B07D3687EA5}.Debug|x86.ActiveCfg = Debug|Win32
		{37E9107E-C919-4105-9B08-4B07D3687EA5}.Debug|x86.Build.0 = Debug|Win32
		{37E9107E-C919-4105-9B08-4B07D3687EA5}.Release|x64.ActiveCfg = Release|x64
		{37E9107E-C919-4105-9B08-4B07D3687EA5}.Release|x64.Build.0 = Release|x64
		{37E9107E-C919-4105-9B08-4B07D3687EA5}.Release|x86.ActiveCfg = Release|Win32
		{37E9107E-C919-4105-9B08-4B07D3687EA5}.Release|x86.Build.0 = Release|Win32
		{A60B38CA-2C72-4D2C-9364-CF9E43503B9C}.Debug|x64.ActiveCfg = Debug|x64
		{A60B38CA-2C72-4D2C-9364-CF9E43503B9C}.Debug|x64.Build.0 = Debug|x64
		{A60B38CA-2C72-4D2C-9364-CF9E43503B9C}.Debug|x86.ActiveCfg = Debug|Win32
		{A60B38CA-2C72-4D2C-9364-CF9E43503B9C}.Debug|x86.Build.0 = Debug|Win32
		{A60B38CA-2C72-4D2C-9364-CF9E43503B9C}.Release|x64.ActiveCfg = Release|x64
		{A60B38CA-2C72-4D2C-9364-CF9E43503B9C}.Release|x64.Build.0 = Release|x64
		{A60B38CA-2C72-4D2C-9364-CF9E43503B9C}.Release|x86.ActiveCfg = Release|Win32
		{A60B38CA-2C72-4D2C-9364-CF9E43503B9C}.Release|x86.Build.0 = Release|Win32
		{42AD28C0-2BD5-4376-9987-49062DA2D626}.Debug|x64.ActiveCfg = Debug|x64
		{42AD28C0-2BD5-4376-9987-49062DA2D626}.Debug|x64.Build.0 = Debug|x64
		{42AD28C0-2BD5-4376-9987-49062DA2D626}.Debug|x86.ActiveCfg = Debug|Win32
		{42AD28C0-2BD5-4376-9987-49062DA2D626}.Debug|x86.Build.0 = Debug|Win32
		{42AD28C0-2BD5-4376-9987-49062DA2D626}.Release|x64.ActiveCfg = Release|x64
		{42AD28C0-2BD5-4376-9987-49062DA2D626}.Release|x64.Build.0 = Release|x64
		{42AD28C0-2BD5-4376-9987-49062DA2D626}.Release|x86.ActiveCfg = Release|Win32
		{42AD28C0-2BD5-4376-9987-49062DA2D626}.Release|x86.Build.0 = Release|Win32
		{AC877DCE-FAD9-482C-9444-FEC870112FBD}.Debug|x64.ActiveCfg = Debug|x64
		{AC877DCE-FAD9-482C-9444-FEC870112FBD}.Debug|x64.Build.0 = Debug|x64
		{AC877DCE-FAD9-482C-9444-FEC870112FBD}.Debug|x86.ActiveCfg = Debug|Win32
		{AC877DCE-FAD9-482C-9444-FEC870112FBD}.Debug|x86.Build.0 = Debug|Win32
		{AC877DCE-FAD9-482C-9444-FEC870112FBD}.Release|x64.ActiveCfg = Release|x64
		{AC877DCE-FAD9-482C-9444-FEC870112FBD}.Release|x64.Build.0 = Release|x64
		{AC877DCE-FAD9-482C-9444-FEC870112FBD}.Release|x86.ActiveCfg = Release|Win32
		{AC877DCE-FAD9-482C-9444-FEC870112FBD}.Release|x86.Build.0 = Release|Win32
		{527499AC-DE6C-4B33-95F0-5BC47C378F55}.Debug|x64.ActiveCfg = Debug|x64
		{527499AC-DE6C-4B33-95F0-5BC47C378F55}.Debug|x64.Build.0 = Debug|x64
		{527499AC-DE6C-4B33-95F0-5BC47C378F55}.Debug|x86.ActiveCfg = Debug|Win32
		{527499AC-DE6C-4B33-95F0-5BC47C378F55}.Debug|x86.Build.0 = Debug|Win32
		{527499AC-DE6C-4B33-95F0-5BC47C378F55}.Release|x64.ActiveCfg = Release|x64
		{527499AC-DE6C-4B33-95F0-5BC47C378F55}.Release|x64.Build.0 = Release|x64
		{527499AC-DE6C-4B33-95F0-5BC47C378F55}.Release|x86.ActiveCfg = Release|Win32
		{527499AC-DE6C-4B33-95F0-5BC47C378F55}.Release|x86.Build.0 = Release|Win32
		{E8CD84CF-B2DE-4595-A53E-D92FC1EA0FE7}.Debug|x64.ActiveCfg = Debug|x64
		{E8CD84CF-B2DE-4595-A53E-D92FC1EA0FE7}.Debug|x64.Build.0 = Debug|x64
		{E8CD84CF-B2DE-4595-A53E-D92FC1EA0FE7}.Debug|x86.ActiveCfg = Debug|Win32
		{E8CD84CF-B2DE-4595-A53E-D92FC1EA0FE7}.Debug|x86.Build.0 = Debug|Win32
		{E8CD84CF-B2DE-4595-A53E-D92FC1EA0FE7}.Release|x64.ActiveCfg = Release|x64
		{E8CD84CF-B2DE-4595-A53E-D92FC1EA0FE7}.Release|x64.Build.0 = Release|x64
		{E8CD84CF-B2DE-4595-A53E-D92FC1EA0FE7}.Release|x86.ActiveCfg = Release|Win32
		{E8CD84CF-B2DE-4595-A53E-D92FC1EA0FE7}.Release|x86.Build.0 = Release|Win32
		{2B797A9A-12CA-4BA2-AF37-DC34C56BA2FE}.Debug|x64.ActiveCfg = Debug|x64
		{2B797A9A-12CA-4BA2-AF37-DC34C56BA2FE}.Debug|x64.Build.0 = Debug|x64
		{2B797A9A-12CA-4BA2-AF37-DC34C56BA2FE}.Debug|x86.ActiveCfg = Debug|Win32
		{2B797A9A-12CA-4BA2-AF37-DC34C56BA2FE}.Debug|x86.Build.0 = Debug|Win32
		{2B797A9A-12CA-4BA2-AF37-DC34C56BA2FE}.Release|x64.ActiveCfg = Release|x64
		{2B797A9A-12CA-4BA2-AF37-DC34C56BA2FE}.Release|x64.Build.0 = Release|x64
		{2B797A9A-12CA-4BA2-AF37-DC34C56BA2FE}.Release|x86.ActiveCfg = Release|Win32
		{2B797A9A-12CA-4BA2-AF37-DC34C56BA2FE}.Release|x86.Build.0 = Release|Win32
	EndGlobalSection
	GlobalSection(SolutionProperties) = preSolution
		HideSolutionNode = FALSE
	EndGlobalSection
	GlobalSection(ExtensibilityGlobals) = postSolution
		SolutionGuid = {B878B9D7-2563-4C6A-9049-0137A0E49B0A}
	EndGlobalSection
EndGlobal
