
Microsoft Visual Studio Solution File, Format Version 12.00
# Visual Studio Version 16
VisualStudioVersion = 16.0.30413.136
MinimumVisualStudioVersion = 10.0.40219.1
Project("{8BC9CEB8-8B4A-11D0-8D11-00A0C91BC942}") = "NullPointer", "NullPointer\NullPointer.vcxproj", "{30F169C7-A883-428B-948B-5C6F048B0913}"
EndProject
Project("{8BC9CEB8-8B4A-11D0-8D11-00A0C91BC942}") = "Pointers", "Pointers\Pointers.vcxproj", "{1FBA039E-77B0-4223-8785-B8E346A5B642}"
EndProject
Project("{8BC9CEB8-8B4A-11D0-8D11-00A0C91BC942}") = "References", "References\References.vcxproj", "{2975A299-56D3-4FB1-B18F-A0A16D3D93EF}"
EndProject
Project("{8BC9CEB8-8B4A-11D0-8D11-00A0C91BC942}") = "ArraysPointers", "ArraysPointers\ArraysPointers.vcxproj", "{23BF03D8-AF03-4CB2-A418-45A3AF0499C5}"
EndProject
Project("{8BC9CEB8-8B4A-11D0-8D11-00A0C91BC942}") = "ArrayPointerIteration", "ArrayPointerIteration\ArrayPointerIteration.vcxproj", "{E645A3DA-33FB-40C5-BFE5-59C5084A6257}"
EndProject
Global
	GlobalSection(SolutionConfigurationPlatforms) = preSolution
		Debug|x64 = Debug|x64
		Debug|x86 = Debug|x86
		Release|x64 = Release|x64
		Release|x86 = Release|x86
	EndGlobalSection
	GlobalSection(ProjectConfigurationPlatforms) = postSolution
		{30F169C7-A883-428B-948B-5C6F048B0913}.Debug|x64.ActiveCfg = Debug|x64
		{30F169C7-A883-428B-948B-5C6F048B0913}.Debug|x64.Build.0 = Debug|x64
		{30F169C7-A883-428B-948B-5C6F048B0913}.Debug|x86.ActiveCfg = Debug|Win32
		{30F169C7-A883-428B-948B-5C6F048B0913}.Debug|x86.Build.0 = Debug|Win32
		{30F169C7-A883-428B-948B-5C6F048B0913}.Release|x64.ActiveCfg = Release|x64
		{30F169C7-A883-428B-948B-5C6F048B0913}.Release|x64.Build.0 = Release|x64
		{30F169C7-A883-428B-948B-5C6F048B0913}.Release|x86.ActiveCfg = Release|Win32
		{30F169C7-A883-428B-948B-5C6F048B0913}.Release|x86.Build.0 = Release|Win32
		{1FBA039E-77B0-4223-8785-B8E346A5B642}.Debug|x64.ActiveCfg = Debug|x64
		{1FBA039E-77B0-4223-8785-B8E346A5B642}.Debug|x64.Build.0 = Debug|x64
		{1FBA039E-77B0-4223-8785-B8E346A5B642}.Debug|x86.ActiveCfg = Debug|Win32
		{1FBA039E-77B0-4223-8785-B8E346A5B642}.Debug|x86.Build.0 = Debug|Win32
		{1FBA039E-77B0-4223-8785-B8E346A5B642}.Release|x64.ActiveCfg = Release|x64
		{1FBA039E-77B0-4223-8785-B8E346A5B642}.Release|x64.Build.0 = Release|x64
		{1FBA039E-77B0-4223-8785-B8E346A5B642}.Release|x86.ActiveCfg = Release|Win32
		{1FBA039E-77B0-4223-8785-B8E346A5B642}.Release|x86.Build.0 = Release|Win32
		{2975A299-56D3-4FB1-B18F-A0A16D3D93EF}.Debug|x64.ActiveCfg = Debug|x64
		{2975A299-56D3-4FB1-B18F-A0A16D3D93EF}.Debug|x64.Build.0 = Debug|x64
		{2975A299-56D3-4FB1-B18F-A0A16D3D93EF}.Debug|x86.ActiveCfg = Debug|Win32
		{2975A299-56D3-4FB1-B18F-A0A16D3D93EF}.Debug|x86.Build.0 = Debug|Win32
		{2975A299-56D3-4FB1-B18F-A0A16D3D93EF}.Release|x64.ActiveCfg = Release|x64
		{2975A299-56D3-4FB1-B18F-A0A16D3D93EF}.Release|x64.Build.0 = Release|x64
		{2975A299-56D3-4FB1-B18F-A0A16D3D93EF}.Release|x86.ActiveCfg = Release|Win32
		{2975A299-56D3-4FB1-B18F-A0A16D3D93EF}.Release|x86.Build.0 = Release|Win32
		{23BF03D8-AF03-4CB2-A418-45A3AF0499C5}.Debug|x64.ActiveCfg = Debug|x64
		{23BF03D8-AF03-4CB2-A418-45A3AF0499C5}.Debug|x64.Build.0 = Debug|x64
		{23BF03D8-AF03-4CB2-A418-45A3AF0499C5}.Debug|x86.ActiveCfg = Debug|Win32
		{23BF03D8-AF03-4CB2-A418-45A3AF0499C5}.Debug|x86.Build.0 = Debug|Win32
		{23BF03D8-AF03-4CB2-A418-45A3AF0499C5}.Release|x64.ActiveCfg = Release|x64
		{23BF03D8-AF03-4CB2-A418-45A3AF0499C5}.Release|x64.Build.0 = Release|x64
		{23BF03D8-AF03-4CB2-A418-45A3AF0499C5}.Release|x86.ActiveCfg = Release|Win32
		{23BF03D8-AF03-4CB2-A418-45A3AF0499C5}.Release|x86.Build.0 = Release|Win32
		{E645A3DA-33FB-40C5-BFE5-59C5084A6257}.Debug|x64.ActiveCfg = Debug|x64
		{E645A3DA-33FB-40C5-BFE5-59C5084A6257}.Debug|x64.Build.0 = Debug|x64
		{E645A3DA-33FB-40C5-BFE5-59C5084A6257}.Debug|x86.ActiveCfg = Debug|Win32
		{E645A3DA-33FB-40C5-BFE5-59C5084A6257}.Debug|x86.Build.0 = Debug|Win32
		{E645A3DA-33FB-40C5-BFE5-59C5084A6257}.Release|x64.ActiveCfg = Release|x64
		{E645A3DA-33FB-40C5-BFE5-59C5084A6257}.Release|x64.Build.0 = Release|x64
		{E645A3DA-33FB-40C5-BFE5-59C5084A6257}.Release|x86.ActiveCfg = Release|Win32
		{E645A3DA-33FB-40C5-BFE5-59C5084A6257}.Release|x86.Build.0 = Release|Win32
	EndGlobalSection
	GlobalSection(SolutionProperties) = preSolution
		HideSolutionNode = FALSE
	EndGlobalSection
	GlobalSection(ExtensibilityGlobals) = postSolution
		SolutionGuid = {689D8047-2897-4AB9-9E05-C9E9894279DD}
	EndGlobalSection
EndGlobal
