
Microsoft Visual Studio Solution File, Format Version 12.00
# Visual Studio Version 16
VisualStudioVersion = 16.0.30114.105
MinimumVisualStudioVersion = 10.0.40219.1
Project("{8BC9CEB8-8B4A-11D0-8D11-00A0C91BC942}") = "ch04", "ch04\ch04.vcxproj", "{96149BED-1AD5-482A-B19C-F1DDEF8E6154}"
EndProject
Project("{8BC9CEB8-8B4A-11D0-8D11-00A0C91BC942}") = "ch0403-2", "ch0403-2\ch0403-2.vcxproj", "{D285026E-F351-4820-8BB4-DE2A86889BFE}"
EndProject
Project("{8BC9CEB8-8B4A-11D0-8D11-00A0C91BC942}") = "ch0403-3", "ch0403-3\ch0403-3.vcxproj", "{1415F08E-59C9-41DA-BF94-47DC8700A6E5}"
EndProject
Project("{8BC9CEB8-8B4A-11D0-8D11-00A0C91BC942}") = "ch0403", "ch0403\ch0403.vcxproj", "{74C69249-2690-4870-A9EE-9CC217C42DA3}"
EndProject
Project("{8BC9CEB8-8B4A-11D0-8D11-00A0C91BC942}") = "ch0404-1-1-improved", "ch0404-1-1-improved\ch0404-1-1-improved.vcxproj", "{6FB8FE35-9736-4C8E-92D8-2FC4633E2AE4}"
EndProject
Project("{8BC9CEB8-8B4A-11D0-8D11-00A0C91BC942}") = "ch0404-1-1-problematic", "ch0404-1-1-problematic\ch0404-1-1-problematic.vcxproj", "{A43C6729-7E70-4A8E-82C0-25C1747DC264}"
EndProject
Project("{8BC9CEB8-8B4A-11D0-8D11-00A0C91BC942}") = "ch0404-1-1", "ch0404-1-1\ch0404-1-1.vcxproj", "{B2A448A7-2A11-40F7-BAFF-EF4F66159D70}"
EndProject
Project("{8BC9CEB8-8B4A-11D0-8D11-00A0C91BC942}") = "ch0404-1-2", "ch0404-1-2\ch0404-1-2.vcxproj", "{F991F708-30E4-447C-A780-6C86A15A2579}"
EndProject
Project("{8BC9CEB8-8B4A-11D0-8D11-00A0C91BC942}") = "ch0404-1-3-multiple", "ch0404-1-3-multiple\ch0404-1-3-multiple.vcxproj", "{630A074B-12A2-4C19-A303-D55582C40FE0}"
EndProject
Project("{8BC9CEB8-8B4A-11D0-8D11-00A0C91BC942}") = "ch0404-1-3-problematic", "ch0404-1-3-problematic\ch0404-1-3-problematic.vcxproj", "{F09B8422-D07E-4240-95D3-B60A1E6327A8}"
EndProject
Project("{8BC9CEB8-8B4A-11D0-8D11-00A0C91BC942}") = "ch0404-2-2", "ch0404-2-2\ch0404-2-2.vcxproj", "{30A1ECD8-B95A-40FE-99EB-1644EDB5A24E}"
EndProject
Project("{8BC9CEB8-8B4A-11D0-8D11-00A0C91BC942}") = "ch0404-2-3-even", "ch0404-2-3-even\ch0404-2-3-even.vcxproj", "{2A508C3F-DF38-4AAC-9148-8EA31551B742}"
EndProject
Project("{8BC9CEB8-8B4A-11D0-8D11-00A0C91BC942}") = "ch0404-2-3", "ch0404-2-3\ch0404-2-3.vcxproj", "{5ECA33B4-05EB-43C9-96E6-FB089967990C}"
EndProject
Project("{8BC9CEB8-8B4A-11D0-8D11-00A0C91BC942}") = "ch0404", "ch0404\ch0404.vcxproj", "{1A750F33-7826-4322-9284-A0EFC204FFCF}"
EndProject
Project("{8BC9CEB8-8B4A-11D0-8D11-00A0C91BC942}") = "ch0405-1", "ch0405-1\ch0405-1.vcxproj", "{35436397-9463-49BE-B348-32578E4B25BA}"
EndProject
Project("{8BC9CEB8-8B4A-11D0-8D11-00A0C91BC942}") = "ch0405-2", "ch0405-2\ch0405-2.vcxproj", "{5C744B06-A584-4A03-A033-25D4D61DB233}"
EndProject
Project("{8BC9CEB8-8B4A-11D0-8D11-00A0C91BC942}") = "ch0405", "ch0405\ch0405.vcxproj", "{9B68B985-0D1E-4F31-8E29-83E84C9A023E}"
EndProject
Project("{8BC9CEB8-8B4A-11D0-8D11-00A0C91BC942}") = "ch0406-1", "ch0406-1\ch0406-1.vcxproj", "{DD8EF2B9-B59F-4374-A14B-19CB5435057C}"
EndProject
Project("{8BC9CEB8-8B4A-11D0-8D11-00A0C91BC942}") = "ch0406-2-average", "ch0406-2-average\ch0406-2-average.vcxproj", "{09DE031D-4B5D-4F81-B2FE-3202E693B58B}"
EndProject
Project("{8BC9CEB8-8B4A-11D0-8D11-00A0C91BC942}") = "ch0406-2", "ch0406-2\ch0406-2.vcxproj", "{BAA1171A-C59F-4A6F-8468-2A9B75BF2076}"
EndProject
Project("{8BC9CEB8-8B4A-11D0-8D11-00A0C91BC942}") = "ch0406-3", "ch0406-3\ch0406-3.vcxproj", "{9F5BCAAE-628F-48FA-A27A-BCFB2E26E4B8}"
EndProject
Project("{8BC9CEB8-8B4A-11D0-8D11-00A0C91BC942}") = "ch0406", "ch0406\ch0406.vcxproj", "{E1FAED06-333C-4F21-AF5C-E51CFB436F59}"
EndProject
Project("{8BC9CEB8-8B4A-11D0-8D11-00A0C91BC942}") = "ch0403-1", "ch0403-1\ch0403-1.vcxproj", "{E3AF04F2-B3CB-49BD-97AE-A9693C9699D6}"
EndProject
Global
	GlobalSection(SolutionConfigurationPlatforms) = preSolution
		Debug|x64 = Debug|x64
		Debug|x86 = Debug|x86
		Release|x64 = Release|x64
		Release|x86 = Release|x86
	EndGlobalSection
	GlobalSection(ProjectConfigurationPlatforms) = postSolution
		{96149BED-1AD5-482A-B19C-F1DDEF8E6154}.Debug|x64.ActiveCfg = Debug|x64
		{96149BED-1AD5-482A-B19C-F1DDEF8E6154}.Debug|x64.Build.0 = Debug|x64
		{96149BED-1AD5-482A-B19C-F1DDEF8E6154}.Debug|x86.ActiveCfg = Debug|Win32
		{96149BED-1AD5-482A-B19C-F1DDEF8E6154}.Debug|x86.Build.0 = Debug|Win32
		{96149BED-1AD5-482A-B19C-F1DDEF8E6154}.Release|x64.ActiveCfg = Release|x64
		{96149BED-1AD5-482A-B19C-F1DDEF8E6154}.Release|x64.Build.0 = Release|x64
		{96149BED-1AD5-482A-B19C-F1DDEF8E6154}.Release|x86.ActiveCfg = Release|Win32
		{96149BED-1AD5-482A-B19C-F1DDEF8E6154}.Release|x86.Build.0 = Release|Win32
		{D285026E-F351-4820-8BB4-DE2A86889BFE}.Debug|x64.ActiveCfg = Debug|x64
		{D285026E-F351-4820-8BB4-DE2A86889BFE}.Debug|x64.Build.0 = Debug|x64
		{D285026E-F351-4820-8BB4-DE2A86889BFE}.Debug|x86.ActiveCfg = Debug|Win32
		{D285026E-F351-4820-8BB4-DE2A86889BFE}.Debug|x86.Build.0 = Debug|Win32
		{D285026E-F351-4820-8BB4-DE2A86889BFE}.Release|x64.ActiveCfg = Release|x64
		{D285026E-F351-4820-8BB4-DE2A86889BFE}.Release|x64.Build.0 = Release|x64
		{D285026E-F351-4820-8BB4-DE2A86889BFE}.Release|x86.ActiveCfg = Release|Win32
		{D285026E-F351-4820-8BB4-DE2A86889BFE}.Release|x86.Build.0 = Release|Win32
		{1415F08E-59C9-41DA-BF94-47DC8700A6E5}.Debug|x64.ActiveCfg = Debug|x64
		{1415F08E-59C9-41DA-BF94-47DC8700A6E5}.Debug|x64.Build.0 = Debug|x64
		{1415F08E-59C9-41DA-BF94-47DC8700A6E5}.Debug|x86.ActiveCfg = Debug|Win32
		{1415F08E-59C9-41DA-BF94-47DC8700A6E5}.Debug|x86.Build.0 = Debug|Win32
		{1415F08E-59C9-41DA-BF94-47DC8700A6E5}.Release|x64.ActiveCfg = Release|x64
		{1415F08E-59C9-41DA-BF94-47DC8700A6E5}.Release|x64.Build.0 = Release|x64
		{1415F08E-59C9-41DA-BF94-47DC8700A6E5}.Release|x86.ActiveCfg = Release|Win32
		{1415F08E-59C9-41DA-BF94-47DC8700A6E5}.Release|x86.Build.0 = Release|Win32
		{74C69249-2690-4870-A9EE-9CC217C42DA3}.Debug|x64.ActiveCfg = Debug|x64
		{74C69249-2690-4870-A9EE-9CC217C42DA3}.Debug|x64.Build.0 = Debug|x64
		{74C69249-2690-4870-A9EE-9CC217C42DA3}.Debug|x86.ActiveCfg = Debug|Win32
		{74C69249-2690-4870-A9EE-9CC217C42DA3}.Debug|x86.Build.0 = Debug|Win32
		{74C69249-2690-4870-A9EE-9CC217C42DA3}.Release|x64.ActiveCfg = Release|x64
		{74C69249-2690-4870-A9EE-9CC217C42DA3}.Release|x64.Build.0 = Release|x64
		{74C69249-2690-4870-A9EE-9CC217C42DA3}.Release|x86.ActiveCfg = Release|Win32
		{74C69249-2690-4870-A9EE-9CC217C42DA3}.Release|x86.Build.0 = Release|Win32
		{6FB8FE35-9736-4C8E-92D8-2FC4633E2AE4}.Debug|x64.ActiveCfg = Debug|x64
		{6FB8FE35-9736-4C8E-92D8-2FC4633E2AE4}.Debug|x64.Build.0 = Debug|x64
		{6FB8FE35-9736-4C8E-92D8-2FC4633E2AE4}.Debug|x86.ActiveCfg = Debug|Win32
		{6FB8FE35-9736-4C8E-92D8-2FC4633E2AE4}.Debug|x86.Build.0 = Debug|Win32
		{6FB8FE35-9736-4C8E-92D8-2FC4633E2AE4}.Release|x64.ActiveCfg = Release|x64
		{6FB8FE35-9736-4C8E-92D8-2FC4633E2AE4}.Release|x64.Build.0 = Release|x64
		{6FB8FE35-9736-4C8E-92D8-2FC4633E2AE4}.Release|x86.ActiveCfg = Release|Win32
		{6FB8FE35-9736-4C8E-92D8-2FC4633E2AE4}.Release|x86.Build.0 = Release|Win32
		{A43C6729-7E70-4A8E-82C0-25C1747DC264}.Debug|x64.ActiveCfg = Debug|x64
		{A43C6729-7E70-4A8E-82C0-25C1747DC264}.Debug|x64.Build.0 = Debug|x64
		{A43C6729-7E70-4A8E-82C0-25C1747DC264}.Debug|x86.ActiveCfg = Debug|Win32
		{A43C6729-7E70-4A8E-82C0-25C1747DC264}.Debug|x86.Build.0 = Debug|Win32
		{A43C6729-7E70-4A8E-82C0-25C1747DC264}.Release|x64.ActiveCfg = Release|x64
		{A43C6729-7E70-4A8E-82C0-25C1747DC264}.Release|x64.Build.0 = Release|x64
		{A43C6729-7E70-4A8E-82C0-25C1747DC264}.Release|x86.ActiveCfg = Release|Win32
		{A43C6729-7E70-4A8E-82C0-25C1747DC264}.Release|x86.Build.0 = Release|Win32
		{B2A448A7-2A11-40F7-BAFF-EF4F66159D70}.Debug|x64.ActiveCfg = Debug|x64
		{B2A448A7-2A11-40F7-BAFF-EF4F66159D70}.Debug|x64.Build.0 = Debug|x64
		{B2A448A7-2A11-40F7-BAFF-EF4F66159D70}.Debug|x86.ActiveCfg = Debug|Win32
		{B2A448A7-2A11-40F7-BAFF-EF4F66159D70}.Debug|x86.Build.0 = Debug|Win32
		{B2A448A7-2A11-40F7-BAFF-EF4F66159D70}.Release|x64.ActiveCfg = Release|x64
		{B2A448A7-2A11-40F7-BAFF-EF4F66159D70}.Release|x64.Build.0 = Release|x64
		{B2A448A7-2A11-40F7-BAFF-EF4F66159D70}.Release|x86.ActiveCfg = Release|Win32
		{B2A448A7-2A11-40F7-BAFF-EF4F66159D70}.Release|x86.Build.0 = Release|Win32
		{F991F708-30E4-447C-A780-6C86A15A2579}.Debug|x64.ActiveCfg = Debug|x64
		{F991F708-30E4-447C-A780-6C86A15A2579}.Debug|x64.Build.0 = Debug|x64
		{F991F708-30E4-447C-A780-6C86A15A2579}.Debug|x86.ActiveCfg = Debug|Win32
		{F991F708-30E4-447C-A780-6C86A15A2579}.Debug|x86.Build.0 = Debug|Win32
		{F991F708-30E4-447C-A780-6C86A15A2579}.Release|x64.ActiveCfg = Release|x64
		{F991F708-30E4-447C-A780-6C86A15A2579}.Release|x64.Build.0 = Release|x64
		{F991F708-30E4-447C-A780-6C86A15A2579}.Release|x86.ActiveCfg = Release|Win32
		{F991F708-30E4-447C-A780-6C86A15A2579}.Release|x86.Build.0 = Release|Win32
		{630A074B-12A2-4C19-A303-D55582C40FE0}.Debug|x64.ActiveCfg = Debug|x64
		{630A074B-12A2-4C19-A303-D55582C40FE0}.Debug|x64.Build.0 = Debug|x64
		{630A074B-12A2-4C19-A303-D55582C40FE0}.Debug|x86.ActiveCfg = Debug|Win32
		{630A074B-12A2-4C19-A303-D55582C40FE0}.Debug|x86.Build.0 = Debug|Win32
		{630A074B-12A2-4C19-A303-D55582C40FE0}.Release|x64.ActiveCfg = Release|x64
		{630A074B-12A2-4C19-A303-D55582C40FE0}.Release|x64.Build.0 = Release|x64
		{630A074B-12A2-4C19-A303-D55582C40FE0}.Release|x86.ActiveCfg = Release|Win32
		{630A074B-12A2-4C19-A303-D55582C40FE0}.Release|x86.Build.0 = Release|Win32
		{F09B8422-D07E-4240-95D3-B60A1E6327A8}.Debug|x64.ActiveCfg = Debug|x64
		{F09B8422-D07E-4240-95D3-B60A1E6327A8}.Debug|x64.Build.0 = Debug|x64
		{F09B8422-D07E-4240-95D3-B60A1E6327A8}.Debug|x86.ActiveCfg = Debug|Win32
		{F09B8422-D07E-4240-95D3-B60A1E6327A8}.Debug|x86.Build.0 = Debug|Win32
		{F09B8422-D07E-4240-95D3-B60A1E6327A8}.Release|x64.ActiveCfg = Release|x64
		{F09B8422-D07E-4240-95D3-B60A1E6327A8}.Release|x64.Build.0 = Release|x64
		{F09B8422-D07E-4240-95D3-B60A1E6327A8}.Release|x86.ActiveCfg = Release|Win32
		{F09B8422-D07E-4240-95D3-B60A1E6327A8}.Release|x86.Build.0 = Release|Win32
		{30A1ECD8-B95A-40FE-99EB-1644EDB5A24E}.Debug|x64.ActiveCfg = Debug|x64
		{30A1ECD8-B95A-40FE-99EB-1644EDB5A24E}.Debug|x64.Build.0 = Debug|x64
		{30A1ECD8-B95A-40FE-99EB-1644EDB5A24E}.Debug|x86.ActiveCfg = Debug|Win32
		{30A1ECD8-B95A-40FE-99EB-1644EDB5A24E}.Debug|x86.Build.0 = Debug|Win32
		{30A1ECD8-B95A-40FE-99EB-1644EDB5A24E}.Release|x64.ActiveCfg = Release|x64
		{30A1ECD8-B95A-40FE-99EB-1644EDB5A24E}.Release|x64.Build.0 = Release|x64
		{30A1ECD8-B95A-40FE-99EB-1644EDB5A24E}.Release|x86.ActiveCfg = Release|Win32
		{30A1ECD8-B95A-40FE-99EB-1644EDB5A24E}.Release|x86.Build.0 = Release|Win32
		{2A508C3F-DF38-4AAC-9148-8EA31551B742}.Debug|x64.ActiveCfg = Debug|x64
		{2A508C3F-DF38-4AAC-9148-8EA31551B742}.Debug|x64.Build.0 = Debug|x64
		{2A508C3F-DF38-4AAC-9148-8EA31551B742}.Debug|x86.ActiveCfg = Debug|Win32
		{2A508C3F-DF38-4AAC-9148-8EA31551B742}.Debug|x86.Build.0 = Debug|Win32
		{2A508C3F-DF38-4AAC-9148-8EA31551B742}.Release|x64.ActiveCfg = Release|x64
		{2A508C3F-DF38-4AAC-9148-8EA31551B742}.Release|x64.Build.0 = Release|x64
		{2A508C3F-DF38-4AAC-9148-8EA31551B742}.Release|x86.ActiveCfg = Release|Win32
		{2A508C3F-DF38-4AAC-9148-8EA31551B742}.Release|x86.Build.0 = Release|Win32
		{5ECA33B4-05EB-43C9-96E6-FB089967990C}.Debug|x64.ActiveCfg = Debug|x64
		{5ECA33B4-05EB-43C9-96E6-FB089967990C}.Debug|x64.Build.0 = Debug|x64
		{5ECA33B4-05EB-43C9-96E6-FB089967990C}.Debug|x86.ActiveCfg = Debug|Win32
		{5ECA33B4-05EB-43C9-96E6-FB089967990C}.Debug|x86.Build.0 = Debug|Win32
		{5ECA33B4-05EB-43C9-96E6-FB089967990C}.Release|x64.ActiveCfg = Release|x64
		{5ECA33B4-05EB-43C9-96E6-FB089967990C}.Release|x64.Build.0 = Release|x64
		{5ECA33B4-05EB-43C9-96E6-FB089967990C}.Release|x86.ActiveCfg = Release|Win32
		{5ECA33B4-05EB-43C9-96E6-FB089967990C}.Release|x86.Build.0 = Release|Win32
		{1A750F33-7826-4322-9284-A0EFC204FFCF}.Debug|x64.ActiveCfg = Debug|x64
		{1A750F33-7826-4322-9284-A0EFC204FFCF}.Debug|x64.Build.0 = Debug|x64
		{1A750F33-7826-4322-9284-A0EFC204FFCF}.Debug|x86.ActiveCfg = Debug|Win32
		{1A750F33-7826-4322-9284-A0EFC204FFCF}.Debug|x86.Build.0 = Debug|Win32
		{1A750F33-7826-4322-9284-A0EFC204FFCF}.Release|x64.ActiveCfg = Release|x64
		{1A750F33-7826-4322-9284-A0EFC204FFCF}.Release|x64.Build.0 = Release|x64
		{1A750F33-7826-4322-9284-A0EFC204FFCF}.Release|x86.ActiveCfg = Release|Win32
		{1A750F33-7826-4322-9284-A0EFC204FFCF}.Release|x86.Build.0 = Release|Win32
		{35436397-9463-49BE-B348-32578E4B25BA}.Debug|x64.ActiveCfg = Debug|x64
		{35436397-9463-49BE-B348-32578E4B25BA}.Debug|x64.Build.0 = Debug|x64
		{35436397-9463-49BE-B348-32578E4B25BA}.Debug|x86.ActiveCfg = Debug|Win32
		{35436397-9463-49BE-B348-32578E4B25BA}.Debug|x86.Build.0 = Debug|Win32
		{35436397-9463-49BE-B348-32578E4B25BA}.Release|x64.ActiveCfg = Release|x64
		{35436397-9463-49BE-B348-32578E4B25BA}.Release|x64.Build.0 = Release|x64
		{35436397-9463-49BE-B348-32578E4B25BA}.Release|x86.ActiveCfg = Release|Win32
		{35436397-9463-49BE-B348-32578E4B25BA}.Release|x86.Build.0 = Release|Win32
		{5C744B06-A584-4A03-A033-25D4D61DB233}.Debug|x64.ActiveCfg = Debug|x64
		{5C744B06-A584-4A03-A033-25D4D61DB233}.Debug|x64.Build.0 = Debug|x64
		{5C744B06-A584-4A03-A033-25D4D61DB233}.Debug|x86.ActiveCfg = Debug|Win32
		{5C744B06-A584-4A03-A033-25D4D61DB233}.Debug|x86.Build.0 = Debug|Win32
		{5C744B06-A584-4A03-A033-25D4D61DB233}.Release|x64.ActiveCfg = Release|x64
		{5C744B06-A584-4A03-A033-25D4D61DB233}.Release|x64.Build.0 = Release|x64
		{5C744B06-A584-4A03-A033-25D4D61DB233}.Release|x86.ActiveCfg = Release|Win32
		{5C744B06-A584-4A03-A033-25D4D61DB233}.Release|x86.Build.0 = Release|Win32
		{9B68B985-0D1E-4F31-8E29-83E84C9A023E}.Debug|x64.ActiveCfg = Debug|x64
		{9B68B985-0D1E-4F31-8E29-83E84C9A023E}.Debug|x64.Build.0 = Debug|x64
		{9B68B985-0D1E-4F31-8E29-83E84C9A023E}.Debug|x86.ActiveCfg = Debug|Win32
		{9B68B985-0D1E-4F31-8E29-83E84C9A023E}.Debug|x86.Build.0 = Debug|Win32
		{9B68B985-0D1E-4F31-8E29-83E84C9A023E}.Release|x64.ActiveCfg = Release|x64
		{9B68B985-0D1E-4F31-8E29-83E84C9A023E}.Release|x64.Build.0 = Release|x64
		{9B68B985-0D1E-4F31-8E29-83E84C9A023E}.Release|x86.ActiveCfg = Release|Win32
		{9B68B985-0D1E-4F31-8E29-83E84C9A023E}.Release|x86.Build.0 = Release|Win32
		{DD8EF2B9-B59F-4374-A14B-19CB5435057C}.Debug|x64.ActiveCfg = Debug|x64
		{DD8EF2B9-B59F-4374-A14B-19CB5435057C}.Debug|x64.Build.0 = Debug|x64
		{DD8EF2B9-B59F-4374-A14B-19CB5435057C}.Debug|x86.ActiveCfg = Debug|Win32
		{DD8EF2B9-B59F-4374-A14B-19CB5435057C}.Debug|x86.Build.0 = Debug|Win32
		{DD8EF2B9-B59F-4374-A14B-19CB5435057C}.Release|x64.ActiveCfg = Release|x64
		{DD8EF2B9-B59F-4374-A14B-19CB5435057C}.Release|x64.Build.0 = Release|x64
		{DD8EF2B9-B59F-4374-A14B-19CB5435057C}.Release|x86.ActiveCfg = Release|Win32
		{DD8EF2B9-B59F-4374-A14B-19CB5435057C}.Release|x86.Build.0 = Release|Win32
		{09DE031D-4B5D-4F81-B2FE-3202E693B58B}.Debug|x64.ActiveCfg = Debug|x64
		{09DE031D-4B5D-4F81-B2FE-3202E693B58B}.Debug|x64.Build.0 = Debug|x64
		{09DE031D-4B5D-4F81-B2FE-3202E693B58B}.Debug|x86.ActiveCfg = Debug|Win32
		{09DE031D-4B5D-4F81-B2FE-3202E693B58B}.Debug|x86.Build.0 = Debug|Win32
		{09DE031D-4B5D-4F81-B2FE-3202E693B58B}.Release|x64.ActiveCfg = Release|x64
		{09DE031D-4B5D-4F81-B2FE-3202E693B58B}.Release|x64.Build.0 = Release|x64
		{09DE031D-4B5D-4F81-B2FE-3202E693B58B}.Release|x86.ActiveCfg = Release|Win32
		{09DE031D-4B5D-4F81-B2FE-3202E693B58B}.Release|x86.Build.0 = Release|Win32
		{BAA1171A-C59F-4A6F-8468-2A9B75BF2076}.Debug|x64.ActiveCfg = Debug|x64
		{BAA1171A-C59F-4A6F-8468-2A9B75BF2076}.Debug|x64.Build.0 = Debug|x64
		{BAA1171A-C59F-4A6F-8468-2A9B75BF2076}.Debug|x86.ActiveCfg = Debug|Win32
		{BAA1171A-C59F-4A6F-8468-2A9B75BF2076}.Debug|x86.Build.0 = Debug|Win32
		{BAA1171A-C59F-4A6F-8468-2A9B75BF2076}.Release|x64.ActiveCfg = Release|x64
		{BAA1171A-C59F-4A6F-8468-2A9B75BF2076}.Release|x64.Build.0 = Release|x64
		{BAA1171A-C59F-4A6F-8468-2A9B75BF2076}.Release|x86.ActiveCfg = Release|Win32
		{BAA1171A-C59F-4A6F-8468-2A9B75BF2076}.Release|x86.Build.0 = Release|Win32
		{9F5BCAAE-628F-48FA-A27A-BCFB2E26E4B8}.Debug|x64.ActiveCfg = Debug|x64
		{9F5BCAAE-628F-48FA-A27A-BCFB2E26E4B8}.Debug|x64.Build.0 = Debug|x64
		{9F5BCAAE-628F-48FA-A27A-BCFB2E26E4B8}.Debug|x86.ActiveCfg = Debug|Win32
		{9F5BCAAE-628F-48FA-A27A-BCFB2E26E4B8}.Debug|x86.Build.0 = Debug|Win32
		{9F5BCAAE-628F-48FA-A27A-BCFB2E26E4B8}.Release|x64.ActiveCfg = Release|x64
		{9F5BCAAE-628F-48FA-A27A-BCFB2E26E4B8}.Release|x64.Build.0 = Release|x64
		{9F5BCAAE-628F-48FA-A27A-BCFB2E26E4B8}.Release|x86.ActiveCfg = Release|Win32
		{9F5BCAAE-628F-48FA-A27A-BCFB2E26E4B8}.Release|x86.Build.0 = Release|Win32
		{E1FAED06-333C-4F21-AF5C-E51CFB436F59}.Debug|x64.ActiveCfg = Debug|x64
		{E1FAED06-333C-4F21-AF5C-E51CFB436F59}.Debug|x64.Build.0 = Debug|x64
		{E1FAED06-333C-4F21-AF5C-E51CFB436F59}.Debug|x86.ActiveCfg = Debug|Win32
		{E1FAED06-333C-4F21-AF5C-E51CFB436F59}.Debug|x86.Build.0 = Debug|Win32
		{E1FAED06-333C-4F21-AF5C-E51CFB436F59}.Release|x64.ActiveCfg = Release|x64
		{E1FAED06-333C-4F21-AF5C-E51CFB436F59}.Release|x64.Build.0 = Release|x64
		{E1FAED06-333C-4F21-AF5C-E51CFB436F59}.Release|x86.ActiveCfg = Release|Win32
		{E1FAED06-333C-4F21-AF5C-E51CFB436F59}.Release|x86.Build.0 = Release|Win32
		{E3AF04F2-B3CB-49BD-97AE-A9693C9699D6}.Debug|x64.ActiveCfg = Debug|x64
		{E3AF04F2-B3CB-49BD-97AE-A9693C9699D6}.Debug|x64.Build.0 = Debug|x64
		{E3AF04F2-B3CB-49BD-97AE-A9693C9699D6}.Debug|x86.ActiveCfg = Debug|Win32
		{E3AF04F2-B3CB-49BD-97AE-A9693C9699D6}.Debug|x86.Build.0 = Debug|Win32
		{E3AF04F2-B3CB-49BD-97AE-A9693C9699D6}.Release|x64.ActiveCfg = Release|x64
		{E3AF04F2-B3CB-49BD-97AE-A9693C9699D6}.Release|x64.Build.0 = Release|x64
		{E3AF04F2-B3CB-49BD-97AE-A9693C9699D6}.Release|x86.ActiveCfg = Release|Win32
		{E3AF04F2-B3CB-49BD-97AE-A9693C9699D6}.Release|x86.Build.0 = Release|Win32
	EndGlobalSection
	GlobalSection(SolutionProperties) = preSolution
		HideSolutionNode = FALSE
	EndGlobalSection
	GlobalSection(ExtensibilityGlobals) = postSolution
		SolutionGuid = {70EBC6A8-355D-4F31-9FA9-B62D8992CC55}
	EndGlobalSection
EndGlobal
