
Microsoft Visual Studio Solution File, Format Version 12.00
# Visual Studio Version 17
VisualStudioVersion = 17.0.32112.339
MinimumVisualStudioVersion = 10.0.40219.1
Project("{8BC9CEB8-8B4A-11D0-8D11-00A0C91BC942}") = "Problem 1", "Problem 1\Problem 1.vcxproj", "{DA00E978-A0A2-4660-8EA2-4DC96A3A1E9F}"
EndProject
Project("{8BC9CEB8-8B4A-11D0-8D11-00A0C91BC942}") = "Problem 3", "Problem 3\Problem 3.vcxproj", "{7EF8BA99-6203-4CCE-B9BD-5FD99AC94669}"
EndProject
Global
	GlobalSection(SolutionConfigurationPlatforms) = preSolution
		Debug|x64 = Debug|x64
		Debug|x86 = Debug|x86
		Release|x64 = Release|x64
		Release|x86 = Release|x86
	EndGlobalSection
	GlobalSection(ProjectConfigurationPlatforms) = postSolution
		{DA00E978-A0A2-4660-8EA2-4DC96A3A1E9F}.Debug|x64.ActiveCfg = Debug|x64
		{DA00E978-A0A2-4660-8EA2-4DC96A3A1E9F}.Debug|x64.Build.0 = Debug|x64
		{DA00E978-A0A2-4660-8EA2-4DC96A3A1E9F}.Debug|x86.ActiveCfg = Debug|Win32
		{DA00E978-A0A2-4660-8EA2-4DC96A3A1E9F}.Debug|x86.Build.0 = Debug|Win32
		{DA00E978-A0A2-4660-8EA2-4DC96A3A1E9F}.Release|x64.ActiveCfg = Release|x64
		{DA00E978-A0A2-4660-8EA2-4DC96A3A1E9F}.Release|x64.Build.0 = Release|x64
		{DA00E978-A0A2-4660-8EA2-4DC96A3A1E9F}.Release|x86.ActiveCfg = Release|Win32
		{DA00E978-A0A2-4660-8EA2-4DC96A3A1E9F}.Release|x86.Build.0 = Release|Win32
		{7EF8BA99-6203-4CCE-B9BD-5FD99AC94669}.Debug|x64.ActiveCfg = Debug|x64
		{7EF8BA99-6203-4CCE-B9BD-5FD99AC94669}.Debug|x64.Build.0 = Debug|x64
		{7EF8BA99-6203-4CCE-B9BD-5FD99AC94669}.Debug|x86.ActiveCfg = Debug|Win32
		{7EF8BA99-6203-4CCE-B9BD-5FD99AC94669}.Debug|x86.Build.0 = Debug|Win32
		{7EF8BA99-6203-4CCE-B9BD-5FD99AC94669}.Release|x64.ActiveCfg = Release|x64
		{7EF8BA99-6203-4CCE-B9BD-5FD99AC94669}.Release|x64.Build.0 = Release|x64
		{7EF8BA99-6203-4CCE-B9BD-5FD99AC94669}.Release|x86.ActiveCfg = Release|Win32
		{7EF8BA99-6203-4CCE-B9BD-5FD99AC94669}.Release|x86.Build.0 = Release|Win32
	EndGlobalSection
	GlobalSection(SolutionProperties) = preSolution
		HideSolutionNode = FALSE
	EndGlobalSection
	GlobalSection(ExtensibilityGlobals) = postSolution
		SolutionGuid = {A33884B7-E0B8-4402-AAC0-7FABEDCA385B}
	EndGlobalSection
EndGlobal
