
Microsoft Visual Studio Solution File, Format Version 12.00
# Visual Studio Version 16
VisualStudioVersion = 16.0.30503.244
MinimumVisualStudioVersion = 10.0.40219.1
Project("{8BC9CEB8-8B4A-11D0-8D11-00A0C91BC942}") = "PR1501", "PR1501\PR1501.vcxproj", "{0CEF0F45-C6C2-4ABF-9018-66DD9BA4F9CA}"
EndProject
Project("{8BC9CEB8-8B4A-11D0-8D11-00A0C91BC942}") = "PR1502", "PR1502\PR1502.vcxproj", "{9AC15071-8710-4850-B377-1F8969D7AC11}"
EndProject
Project("{8BC9CEB8-8B4A-11D0-8D11-00A0C91BC942}") = "PR1503", "PR1503\PR1503.vcxproj", "{21B583CB-7C6E-4FAB-B6DF-0F16F2BFDC50}"
EndProject
Project("{8BC9CEB8-8B4A-11D0-8D11-00A0C91BC942}") = "PR1504", "PR1504\PR1504.vcxproj", "{3B14B652-DD90-4579-A2F6-71F666D9B7E8}"
EndProject
Project("{8BC9CEB8-8B4A-11D0-8D11-00A0C91BC942}") = "PR1505", "PR1505\PR1505.vcxproj", "{EC6F6D87-3067-490C-9BB4-497487093E54}"
EndProject
Project("{8BC9CEB8-8B4A-11D0-8D11-00A0C91BC942}") = "PR1507", "PR1507\PR1507.vcxproj", "{9675440B-6126-4CCF-9EBE-B735E474DE27}"
EndProject
Project("{8BC9CEB8-8B4A-11D0-8D11-00A0C91BC942}") = "PR1508", "PR1508\PR1508.vcxproj", "{57829382-5063-40A3-8E0A-72E98F3B0945}"
EndProject
Project("{8BC9CEB8-8B4A-11D0-8D11-00A0C91BC942}") = "PR1509", "PR1509\PR1509.vcxproj", "{A7EC37DA-48B4-4562-BAA8-A9D581005570}"
EndProject
Project("{8BC9CEB8-8B4A-11D0-8D11-00A0C91BC942}") = "PR1510", "PR1510\PR1510.vcxproj", "{C4DE9727-6B64-4204-81AB-35FE8C81CEF2}"
EndProject
Project("{8BC9CEB8-8B4A-11D0-8D11-00A0C91BC942}") = "PR1511", "PR1511\PR1511.vcxproj", "{50418D76-331C-4E42-8CF2-8E3966CE471F}"
EndProject
Project("{8BC9CEB8-8B4A-11D0-8D11-00A0C91BC942}") = "PR1512", "PR1512\PR1512.vcxproj", "{785F05F9-34A5-423B-94F9-7F2327634704}"
EndProject
Project("{8BC9CEB8-8B4A-11D0-8D11-00A0C91BC942}") = "PR1513", "PR1513\PR1513.vcxproj", "{E323E87B-89D2-4962-BEEB-C4B1AC6B3FBE}"
EndProject
Project("{8BC9CEB8-8B4A-11D0-8D11-00A0C91BC942}") = "PR1514", "PR1514\PR1514.vcxproj", "{4E0DDDE8-B093-4A23-A1DC-07B0805B9C98}"
EndProject
Project("{8BC9CEB8-8B4A-11D0-8D11-00A0C91BC942}") = "PR1515", "PR1515\PR1515.vcxproj", "{8DC6970C-4831-4754-8759-BC0429446194}"
EndProject
Project("{8BC9CEB8-8B4A-11D0-8D11-00A0C91BC942}") = "PR1516", "PR1516\PR1516.vcxproj", "{EFE107B1-80B7-4B39-931F-5431DB1EFD2A}"
EndProject
Project("{8BC9CEB8-8B4A-11D0-8D11-00A0C91BC942}") = "PR1517", "PR1517\PR1517.vcxproj", "{01AF5E23-C4FE-4585-A499-F22994A9FF73}"
EndProject
Project("{8BC9CEB8-8B4A-11D0-8D11-00A0C91BC942}") = "PR1518", "PR1518\PR1518.vcxproj", "{D3A181BD-98D3-477B-8163-EC030C0AA831}"
EndProject
Project("{8BC9CEB8-8B4A-11D0-8D11-00A0C91BC942}") = "PR1519", "PR1519\PR1519.vcxproj", "{AF2D6715-4264-4AB6-BB67-0C0D88DE0876}"
EndProject
Project("{8BC9CEB8-8B4A-11D0-8D11-00A0C91BC942}") = "PR1520", "PR1520\PR1520.vcxproj", "{C6C91E08-9ACB-4D5A-96CA-24DF3E8D56E8}"
EndProject
Global
	GlobalSection(SolutionConfigurationPlatforms) = preSolution
		Debug|x64 = Debug|x64
		Debug|x86 = Debug|x86
		Release|x64 = Release|x64
		Release|x86 = Release|x86
	EndGlobalSection
	GlobalSection(ProjectConfigurationPlatforms) = postSolution
		{0CEF0F45-C6C2-4ABF-9018-66DD9BA4F9CA}.Debug|x64.ActiveCfg = Debug|x64
		{0CEF0F45-C6C2-4ABF-9018-66DD9BA4F9CA}.Debug|x64.Build.0 = Debug|x64
		{0CEF0F45-C6C2-4ABF-9018-66DD9BA4F9CA}.Debug|x86.ActiveCfg = Debug|Win32
		{0CEF0F45-C6C2-4ABF-9018-66DD9BA4F9CA}.Debug|x86.Build.0 = Debug|Win32
		{0CEF0F45-C6C2-4ABF-9018-66DD9BA4F9CA}.Release|x64.ActiveCfg = Release|x64
		{0CEF0F45-C6C2-4ABF-9018-66DD9BA4F9CA}.Release|x64.Build.0 = Release|x64
		{0CEF0F45-C6C2-4ABF-9018-66DD9BA4F9CA}.Release|x86.ActiveCfg = Release|Win32
		{0CEF0F45-C6C2-4ABF-9018-66DD9BA4F9CA}.Release|x86.Build.0 = Release|Win32
		{9AC15071-8710-4850-B377-1F8969D7AC11}.Debug|x64.ActiveCfg = Debug|x64
		{9AC15071-8710-4850-B377-1F8969D7AC11}.Debug|x64.Build.0 = Debug|x64
		{9AC15071-8710-4850-B377-1F8969D7AC11}.Debug|x86.ActiveCfg = Debug|Win32
		{9AC15071-8710-4850-B377-1F8969D7AC11}.Debug|x86.Build.0 = Debug|Win32
		{9AC15071-8710-4850-B377-1F8969D7AC11}.Release|x64.ActiveCfg = Release|x64
		{9AC15071-8710-4850-B377-1F8969D7AC11}.Release|x64.Build.0 = Release|x64
		{9AC15071-8710-4850-B377-1F8969D7AC11}.Release|x86.ActiveCfg = Release|Win32
		{9AC15071-8710-4850-B377-1F8969D7AC11}.Release|x86.Build.0 = Release|Win32
		{21B583CB-7C6E-4FAB-B6DF-0F16F2BFDC50}.Debug|x64.ActiveCfg = Debug|x64
		{21B583CB-7C6E-4FAB-B6DF-0F16F2BFDC50}.Debug|x64.Build.0 = Debug|x64
		{21B583CB-7C6E-4FAB-B6DF-0F16F2BFDC50}.Debug|x86.ActiveCfg = Debug|Win32
		{21B583CB-7C6E-4FAB-B6DF-0F16F2BFDC50}.Debug|x86.Build.0 = Debug|Win32
		{21B583CB-7C6E-4FAB-B6DF-0F16F2BFDC50}.Release|x64.ActiveCfg = Release|x64
		{21B583CB-7C6E-4FAB-B6DF-0F16F2BFDC50}.Release|x64.Build.0 = Release|x64
		{21B583CB-7C6E-4FAB-B6DF-0F16F2BFDC50}.Release|x86.ActiveCfg = Release|Win32
		{21B583CB-7C6E-4FAB-B6DF-0F16F2BFDC50}.Release|x86.Build.0 = Release|Win32
		{3B14B652-DD90-4579-A2F6-71F666D9B7E8}.Debug|x64.ActiveCfg = Debug|x64
		{3B14B652-DD90-4579-A2F6-71F666D9B7E8}.Debug|x64.Build.0 = Debug|x64
		{3B14B652-DD90-4579-A2F6-71F666D9B7E8}.Debug|x86.ActiveCfg = Debug|Win32
		{3B14B652-DD90-4579-A2F6-71F666D9B7E8}.Debug|x86.Build.0 = Debug|Win32
		{3B14B652-DD90-4579-A2F6-71F666D9B7E8}.Release|x64.ActiveCfg = Release|x64
		{3B14B652-DD90-4579-A2F6-71F666D9B7E8}.Release|x64.Build.0 = Release|x64
		{3B14B652-DD90-4579-A2F6-71F666D9B7E8}.Release|x86.ActiveCfg = Release|Win32
		{3B14B652-DD90-4579-A2F6-71F666D9B7E8}.Release|x86.Build.0 = Release|Win32
		{EC6F6D87-3067-490C-9BB4-497487093E54}.Debug|x64.ActiveCfg = Debug|x64
		{EC6F6D87-3067-490C-9BB4-497487093E54}.Debug|x64.Build.0 = Debug|x64
		{EC6F6D87-3067-490C-9BB4-497487093E54}.Debug|x86.ActiveCfg = Debug|Win32
		{EC6F6D87-3067-490C-9BB4-497487093E54}.Debug|x86.Build.0 = Debug|Win32
		{EC6F6D87-3067-490C-9BB4-497487093E54}.Release|x64.ActiveCfg = Release|x64
		{EC6F6D87-3067-490C-9BB4-497487093E54}.Release|x64.Build.0 = Release|x64
		{EC6F6D87-3067-490C-9BB4-497487093E54}.Release|x86.ActiveCfg = Release|Win32
		{EC6F6D87-3067-490C-9BB4-497487093E54}.Release|x86.Build.0 = Release|Win32
		{9675440B-6126-4CCF-9EBE-B735E474DE27}.Debug|x64.ActiveCfg = Debug|x64
		{9675440B-6126-4CCF-9EBE-B735E474DE27}.Debug|x64.Build.0 = Debug|x64
		{9675440B-6126-4CCF-9EBE-B735E474DE27}.Debug|x86.ActiveCfg = Debug|Win32
		{9675440B-6126-4CCF-9EBE-B735E474DE27}.Debug|x86.Build.0 = Debug|Win32
		{9675440B-6126-4CCF-9EBE-B735E474DE27}.Release|x64.ActiveCfg = Release|x64
		{9675440B-6126-4CCF-9EBE-B735E474DE27}.Release|x64.Build.0 = Release|x64
		{9675440B-6126-4CCF-9EBE-B735E474DE27}.Release|x86.ActiveCfg = Release|Win32
		{9675440B-6126-4CCF-9EBE-B735E474DE27}.Release|x86.Build.0 = Release|Win32
		{57829382-5063-40A3-8E0A-72E98F3B0945}.Debug|x64.ActiveCfg = Debug|x64
		{57829382-5063-40A3-8E0A-72E98F3B0945}.Debug|x64.Build.0 = Debug|x64
		{57829382-5063-40A3-8E0A-72E98F3B0945}.Debug|x86.ActiveCfg = Debug|Win32
		{57829382-5063-40A3-8E0A-72E98F3B0945}.Debug|x86.Build.0 = Debug|Win32
		{57829382-5063-40A3-8E0A-72E98F3B0945}.Release|x64.ActiveCfg = Release|x64
		{57829382-5063-40A3-8E0A-72E98F3B0945}.Release|x64.Build.0 = Release|x64
		{57829382-5063-40A3-8E0A-72E98F3B0945}.Release|x86.ActiveCfg = Release|Win32
		{57829382-5063-40A3-8E0A-72E98F3B0945}.Release|x86.Build.0 = Release|Win32
		{A7EC37DA-48B4-4562-BAA8-A9D581005570}.Debug|x64.ActiveCfg = Debug|x64
		{A7EC37DA-48B4-4562-BAA8-A9D581005570}.Debug|x64.Build.0 = Debug|x64
		{A7EC37DA-48B4-4562-BAA8-A9D581005570}.Debug|x86.ActiveCfg = Debug|Win32
		{A7EC37DA-48B4-4562-BAA8-A9D581005570}.Debug|x86.Build.0 = Debug|Win32
		{A7EC37DA-48B4-4562-BAA8-A9D581005570}.Release|x64.ActiveCfg = Release|x64
		{A7EC37DA-48B4-4562-BAA8-A9D581005570}.Release|x64.Build.0 = Release|x64
		{A7EC37DA-48B4-4562-BAA8-A9D581005570}.Release|x86.ActiveCfg = Release|Win32
		{A7EC37DA-48B4-4562-BAA8-A9D581005570}.Release|x86.Build.0 = Release|Win32
		{C4DE9727-6B64-4204-81AB-35FE8C81CEF2}.Debug|x64.ActiveCfg = Debug|x64
		{C4DE9727-6B64-4204-81AB-35FE8C81CEF2}.Debug|x64.Build.0 = Debug|x64
		{C4DE9727-6B64-4204-81AB-35FE8C81CEF2}.Debug|x86.ActiveCfg = Debug|Win32
		{C4DE9727-6B64-4204-81AB-35FE8C81CEF2}.Debug|x86.Build.0 = Debug|Win32
		{C4DE9727-6B64-4204-81AB-35FE8C81CEF2}.Release|x64.ActiveCfg = Release|x64
		{C4DE9727-6B64-4204-81AB-35FE8C81CEF2}.Release|x64.Build.0 = Release|x64
		{C4DE9727-6B64-4204-81AB-35FE8C81CEF2}.Release|x86.ActiveCfg = Release|Win32
		{C4DE9727-6B64-4204-81AB-35FE8C81CEF2}.Release|x86.Build.0 = Release|Win32
		{50418D76-331C-4E42-8CF2-8E3966CE471F}.Debug|x64.ActiveCfg = Debug|x64
		{50418D76-331C-4E42-8CF2-8E3966CE471F}.Debug|x64.Build.0 = Debug|x64
		{50418D76-331C-4E42-8CF2-8E3966CE471F}.Debug|x86.ActiveCfg = Debug|Win32
		{50418D76-331C-4E42-8CF2-8E3966CE471F}.Debug|x86.Build.0 = Debug|Win32
		{50418D76-331C-4E42-8CF2-8E3966CE471F}.Release|x64.ActiveCfg = Release|x64
		{50418D76-331C-4E42-8CF2-8E3966CE471F}.Release|x64.Build.0 = Release|x64
		{50418D76-331C-4E42-8CF2-8E3966CE471F}.Release|x86.ActiveCfg = Release|Win32
		{50418D76-331C-4E42-8CF2-8E3966CE471F}.Release|x86.Build.0 = Release|Win32
		{785F05F9-34A5-423B-94F9-7F2327634704}.Debug|x64.ActiveCfg = Debug|x64
		{785F05F9-34A5-423B-94F9-7F2327634704}.Debug|x64.Build.0 = Debug|x64
		{785F05F9-34A5-423B-94F9-7F2327634704}.Debug|x86.ActiveCfg = Debug|Win32
		{785F05F9-34A5-423B-94F9-7F2327634704}.Debug|x86.Build.0 = Debug|Win32
		{785F05F9-34A5-423B-94F9-7F2327634704}.Release|x64.ActiveCfg = Release|x64
		{785F05F9-34A5-423B-94F9-7F2327634704}.Release|x64.Build.0 = Release|x64
		{785F05F9-34A5-423B-94F9-7F2327634704}.Release|x86.ActiveCfg = Release|Win32
		{785F05F9-34A5-423B-94F9-7F2327634704}.Release|x86.Build.0 = Release|Win32
		{E323E87B-89D2-4962-BEEB-C4B1AC6B3FBE}.Debug|x64.ActiveCfg = Debug|x64
		{E323E87B-89D2-4962-BEEB-C4B1AC6B3FBE}.Debug|x64.Build.0 = Debug|x64
		{E323E87B-89D2-4962-BEEB-C4B1AC6B3FBE}.Debug|x86.ActiveCfg = Debug|Win32
		{E323E87B-89D2-4962-BEEB-C4B1AC6B3FBE}.Debug|x86.Build.0 = Debug|Win32
		{E323E87B-89D2-4962-BEEB-C4B1AC6B3FBE}.Release|x64.ActiveCfg = Release|x64
		{E323E87B-89D2-4962-BEEB-C4B1AC6B3FBE}.Release|x64.Build.0 = Release|x64
		{E323E87B-89D2-4962-BEEB-C4B1AC6B3FBE}.Release|x86.ActiveCfg = Release|Win32
		{E323E87B-89D2-4962-BEEB-C4B1AC6B3FBE}.Release|x86.Build.0 = Release|Win32
		{4E0DDDE8-B093-4A23-A1DC-07B0805B9C98}.Debug|x64.ActiveCfg = Debug|x64
		{4E0DDDE8-B093-4A23-A1DC-07B0805B9C98}.Debug|x64.Build.0 = Debug|x64
		{4E0DDDE8-B093-4A23-A1DC-07B0805B9C98}.Debug|x86.ActiveCfg = Debug|Win32
		{4E0DDDE8-B093-4A23-A1DC-07B0805B9C98}.Debug|x86.Build.0 = Debug|Win32
		{4E0DDDE8-B093-4A23-A1DC-07B0805B9C98}.Release|x64.ActiveCfg = Release|x64
		{4E0DDDE8-B093-4A23-A1DC-07B0805B9C98}.Release|x64.Build.0 = Release|x64
		{4E0DDDE8-B093-4A23-A1DC-07B0805B9C98}.Release|x86.ActiveCfg = Release|Win32
		{4E0DDDE8-B093-4A23-A1DC-07B0805B9C98}.Release|x86.Build.0 = Release|Win32
		{8DC6970C-4831-4754-8759-BC0429446194}.Debug|x64.ActiveCfg = Debug|x64
		{8DC6970C-4831-4754-8759-BC0429446194}.Debug|x64.Build.0 = Debug|x64
		{8DC6970C-4831-4754-8759-BC0429446194}.Debug|x86.ActiveCfg = Debug|Win32
		{8DC6970C-4831-4754-8759-BC0429446194}.Debug|x86.Build.0 = Debug|Win32
		{8DC6970C-4831-4754-8759-BC0429446194}.Release|x64.ActiveCfg = Release|x64
		{8DC6970C-4831-4754-8759-BC0429446194}.Release|x64.Build.0 = Release|x64
		{8DC6970C-4831-4754-8759-BC0429446194}.Release|x86.ActiveCfg = Release|Win32
		{8DC6970C-4831-4754-8759-BC0429446194}.Release|x86.Build.0 = Release|Win32
		{EFE107B1-80B7-4B39-931F-5431DB1EFD2A}.Debug|x64.ActiveCfg = Debug|x64
		{EFE107B1-80B7-4B39-931F-5431DB1EFD2A}.Debug|x64.Build.0 = Debug|x64
		{EFE107B1-80B7-4B39-931F-5431DB1EFD2A}.Debug|x86.ActiveCfg = Debug|Win32
		{EFE107B1-80B7-4B39-931F-5431DB1EFD2A}.Debug|x86.Build.0 = Debug|Win32
		{EFE107B1-80B7-4B39-931F-5431DB1EFD2A}.Release|x64.ActiveCfg = Release|x64
		{EFE107B1-80B7-4B39-931F-5431DB1EFD2A}.Release|x64.Build.0 = Release|x64
		{EFE107B1-80B7-4B39-931F-5431DB1EFD2A}.Release|x86.ActiveCfg = Release|Win32
		{EFE107B1-80B7-4B39-931F-5431DB1EFD2A}.Release|x86.Build.0 = Release|Win32
		{01AF5E23-C4FE-4585-A499-F22994A9FF73}.Debug|x64.ActiveCfg = Debug|x64
		{01AF5E23-C4FE-4585-A499-F22994A9FF73}.Debug|x64.Build.0 = Debug|x64
		{01AF5E23-C4FE-4585-A499-F22994A9FF73}.Debug|x86.ActiveCfg = Debug|Win32
		{01AF5E23-C4FE-4585-A499-F22994A9FF73}.Debug|x86.Build.0 = Debug|Win32
		{01AF5E23-C4FE-4585-A499-F22994A9FF73}.Release|x64.ActiveCfg = Release|x64
		{01AF5E23-C4FE-4585-A499-F22994A9FF73}.Release|x64.Build.0 = Release|x64
		{01AF5E23-C4FE-4585-A499-F22994A9FF73}.Release|x86.ActiveCfg = Release|Win32
		{01AF5E23-C4FE-4585-A499-F22994A9FF73}.Release|x86.Build.0 = Release|Win32
		{D3A181BD-98D3-477B-8163-EC030C0AA831}.Debug|x64.ActiveCfg = Debug|x64
		{D3A181BD-98D3-477B-8163-EC030C0AA831}.Debug|x64.Build.0 = Debug|x64
		{D3A181BD-98D3-477B-8163-EC030C0AA831}.Debug|x86.ActiveCfg = Debug|Win32
		{D3A181BD-98D3-477B-8163-EC030C0AA831}.Debug|x86.Build.0 = Debug|Win32
		{D3A181BD-98D3-477B-8163-EC030C0AA831}.Release|x64.ActiveCfg = Release|x64
		{D3A181BD-98D3-477B-8163-EC030C0AA831}.Release|x64.Build.0 = Release|x64
		{D3A181BD-98D3-477B-8163-EC030C0AA831}.Release|x86.ActiveCfg = Release|Win32
		{D3A181BD-98D3-477B-8163-EC030C0AA831}.Release|x86.Build.0 = Release|Win32
		{AF2D6715-4264-4AB6-BB67-0C0D88DE0876}.Debug|x64.ActiveCfg = Debug|x64
		{AF2D6715-4264-4AB6-BB67-0C0D88DE0876}.Debug|x64.Build.0 = Debug|x64
		{AF2D6715-4264-4AB6-BB67-0C0D88DE0876}.Debug|x86.ActiveCfg = Debug|Win32
		{AF2D6715-4264-4AB6-BB67-0C0D88DE0876}.Debug|x86.Build.0 = Debug|Win32
		{AF2D6715-4264-4AB6-BB67-0C0D88DE0876}.Release|x64.ActiveCfg = Release|x64
		{AF2D6715-4264-4AB6-BB67-0C0D88DE0876}.Release|x64.Build.0 = Release|x64
		{AF2D6715-4264-4AB6-BB67-0C0D88DE0876}.Release|x86.ActiveCfg = Release|Win32
		{AF2D6715-4264-4AB6-BB67-0C0D88DE0876}.Release|x86.Build.0 = Release|Win32
		{C6C91E08-9ACB-4D5A-96CA-24DF3E8D56E8}.Debug|x64.ActiveCfg = Debug|x64
		{C6C91E08-9ACB-4D5A-96CA-24DF3E8D56E8}.Debug|x64.Build.0 = Debug|x64
		{C6C91E08-9ACB-4D5A-96CA-24DF3E8D56E8}.Debug|x86.ActiveCfg = Debug|Win32
		{C6C91E08-9ACB-4D5A-96CA-24DF3E8D56E8}.Debug|x86.Build.0 = Debug|Win32
		{C6C91E08-9ACB-4D5A-96CA-24DF3E8D56E8}.Release|x64.ActiveCfg = Release|x64
		{C6C91E08-9ACB-4D5A-96CA-24DF3E8D56E8}.Release|x64.Build.0 = Release|x64
		{C6C91E08-9ACB-4D5A-96CA-24DF3E8D56E8}.Release|x86.ActiveCfg = Release|Win32
		{C6C91E08-9ACB-4D5A-96CA-24DF3E8D56E8}.Release|x86.Build.0 = Release|Win32
	EndGlobalSection
	GlobalSection(SolutionProperties) = preSolution
		HideSolutionNode = FALSE
	EndGlobalSection
	GlobalSection(ExtensibilityGlobals) = postSolution
		SolutionGuid = {73006BDD-0630-47F6-B6EB-66BD174165B8}
	EndGlobalSection
EndGlobal
