
Microsoft Visual Studio Solution File, Format Version 12.00
# Visual Studio Version 16
VisualStudioVersion = 16.0.30503.244
MinimumVisualStudioVersion = 10.0.40219.1
Project("{8BC9CEB8-8B4A-11D0-8D11-00A0C91BC942}") = "Vec_Algo_01", "Vec_Algo_01\Vec_Algo_01.vcxproj", "{5BE0B7D5-EE4C-4CF5-B665-0E41B3E11A7E}"
EndProject
Project("{8BC9CEB8-8B4A-11D0-8D11-00A0C91BC942}") = "Vec_Algo_02", "Vec_Algo_02\Vec_Algo_02.vcxproj", "{7E567AE7-33AF-4CE9-B61E-E2FB5CF444B4}"
EndProject
Project("{8BC9CEB8-8B4A-11D0-8D11-00A0C91BC942}") = "Vec_Algo_03", "Vec_Algo_03\Vec_Algo_03.vcxproj", "{0B98147B-26CD-42AE-A888-7218346A575A}"
EndProject
Project("{8BC9CEB8-8B4A-11D0-8D11-00A0C91BC942}") = "Vec_Algo_04", "Vec_Algo_04\Vec_Algo_04.vcxproj", "{C485DEC2-B6FD-4157-95C1-8392B6AE55C8}"
EndProject
Project("{8BC9CEB8-8B4A-11D0-8D11-00A0C91BC942}") = "Vector_Constructors", "Vector_Constructors\Vector_Constructors.vcxproj", "{88D133F4-AAF7-4AF3-B5CE-83E77682F53B}"
EndProject
Project("{8BC9CEB8-8B4A-11D0-8D11-00A0C91BC942}") = "Vector_More_Iterator", "Vector_More_Iterator\Vector_More_Iterator.vcxproj", "{7C7E9132-9418-410D-840E-1C7AD1BEB63D}"
EndProject
Project("{8BC9CEB8-8B4A-11D0-8D11-00A0C91BC942}") = "Vector01", "Vector01\Vector01.vcxproj", "{442E2D75-6B4D-44F9-8E46-C0FE8661D578}"
EndProject
Project("{8BC9CEB8-8B4A-11D0-8D11-00A0C91BC942}") = "Vector02", "Vector02\Vector02.vcxproj", "{F5CA7378-F72A-4906-8E83-148776675571}"
EndProject
Project("{8BC9CEB8-8B4A-11D0-8D11-00A0C91BC942}") = "Vector03", "Vector03\Vector03.vcxproj", "{7B2AA1C7-C31A-4D05-B202-399AF62D06E7}"
EndProject
Project("{8BC9CEB8-8B4A-11D0-8D11-00A0C91BC942}") = "Vector00", "Vector00\Vector00.vcxproj", "{1CECA2F1-0CFF-40F7-A1E0-F3552792BA41}"
EndProject
Global
	GlobalSection(SolutionConfigurationPlatforms) = preSolution
		Debug|x64 = Debug|x64
		Debug|x86 = Debug|x86
		Release|x64 = Release|x64
		Release|x86 = Release|x86
	EndGlobalSection
	GlobalSection(ProjectConfigurationPlatforms) = postSolution
		{5BE0B7D5-EE4C-4CF5-B665-0E41B3E11A7E}.Debug|x64.ActiveCfg = Debug|x64
		{5BE0B7D5-EE4C-4CF5-B665-0E41B3E11A7E}.Debug|x64.Build.0 = Debug|x64
		{5BE0B7D5-EE4C-4CF5-B665-0E41B3E11A7E}.Debug|x86.ActiveCfg = Debug|Win32
		{5BE0B7D5-EE4C-4CF5-B665-0E41B3E11A7E}.Debug|x86.Build.0 = Debug|Win32
		{5BE0B7D5-EE4C-4CF5-B665-0E41B3E11A7E}.Release|x64.ActiveCfg = Release|x64
		{5BE0B7D5-EE4C-4CF5-B665-0E41B3E11A7E}.Release|x64.Build.0 = Release|x64
		{5BE0B7D5-EE4C-4CF5-B665-0E41B3E11A7E}.Release|x86.ActiveCfg = Release|Win32
		{5BE0B7D5-EE4C-4CF5-B665-0E41B3E11A7E}.Release|x86.Build.0 = Release|Win32
		{7E567AE7-33AF-4CE9-B61E-E2FB5CF444B4}.Debug|x64.ActiveCfg = Debug|x64
		{7E567AE7-33AF-4CE9-B61E-E2FB5CF444B4}.Debug|x64.Build.0 = Debug|x64
		{7E567AE7-33AF-4CE9-B61E-E2FB5CF444B4}.Debug|x86.ActiveCfg = Debug|Win32
		{7E567AE7-33AF-4CE9-B61E-E2FB5CF444B4}.Debug|x86.Build.0 = Debug|Win32
		{7E567AE7-33AF-4CE9-B61E-E2FB5CF444B4}.Release|x64.ActiveCfg = Release|x64
		{7E567AE7-33AF-4CE9-B61E-E2FB5CF444B4}.Release|x64.Build.0 = Release|x64
		{7E567AE7-33AF-4CE9-B61E-E2FB5CF444B4}.Release|x86.ActiveCfg = Release|Win32
		{7E567AE7-33AF-4CE9-B61E-E2FB5CF444B4}.Release|x86.Build.0 = Release|Win32
		{0B98147B-26CD-42AE-A888-7218346A575A}.Debug|x64.ActiveCfg = Debug|x64
		{0B98147B-26CD-42AE-A888-7218346A575A}.Debug|x64.Build.0 = Debug|x64
		{0B98147B-26CD-42AE-A888-7218346A575A}.Debug|x86.ActiveCfg = Debug|Win32
		{0B98147B-26CD-42AE-A888-7218346A575A}.Debug|x86.Build.0 = Debug|Win32
		{0B98147B-26CD-42AE-A888-7218346A575A}.Release|x64.ActiveCfg = Release|x64
		{0B98147B-26CD-42AE-A888-7218346A575A}.Release|x64.Build.0 = Release|x64
		{0B98147B-26CD-42AE-A888-7218346A575A}.Release|x86.ActiveCfg = Release|Win32
		{0B98147B-26CD-42AE-A888-7218346A575A}.Release|x86.Build.0 = Release|Win32
		{C485DEC2-B6FD-4157-95C1-8392B6AE55C8}.Debug|x64.ActiveCfg = Debug|x64
		{C485DEC2-B6FD-4157-95C1-8392B6AE55C8}.Debug|x64.Build.0 = Debug|x64
		{C485DEC2-B6FD-4157-95C1-8392B6AE55C8}.Debug|x86.ActiveCfg = Debug|Win32
		{C485DEC2-B6FD-4157-95C1-8392B6AE55C8}.Debug|x86.Build.0 = Debug|Win32
		{C485DEC2-B6FD-4157-95C1-8392B6AE55C8}.Release|x64.ActiveCfg = Release|x64
		{C485DEC2-B6FD-4157-95C1-8392B6AE55C8}.Release|x64.Build.0 = Release|x64
		{C485DEC2-B6FD-4157-95C1-8392B6AE55C8}.Release|x86.ActiveCfg = Release|Win32
		{C485DEC2-B6FD-4157-95C1-8392B6AE55C8}.Release|x86.Build.0 = Release|Win32
		{88D133F4-AAF7-4AF3-B5CE-83E77682F53B}.Debug|x64.ActiveCfg = Debug|x64
		{88D133F4-AAF7-4AF3-B5CE-83E77682F53B}.Debug|x64.Build.0 = Debug|x64
		{88D133F4-AAF7-4AF3-B5CE-83E77682F53B}.Debug|x86.ActiveCfg = Debug|Win32
		{88D133F4-AAF7-4AF3-B5CE-83E77682F53B}.Debug|x86.Build.0 = Debug|Win32
		{88D133F4-AAF7-4AF3-B5CE-83E77682F53B}.Release|x64.ActiveCfg = Release|x64
		{88D133F4-AAF7-4AF3-B5CE-83E77682F53B}.Release|x64.Build.0 = Release|x64
		{88D133F4-AAF7-4AF3-B5CE-83E77682F53B}.Release|x86.ActiveCfg = Release|Win32
		{88D133F4-AAF7-4AF3-B5CE-83E77682F53B}.Release|x86.Build.0 = Release|Win32
		{7C7E9132-9418-410D-840E-1C7AD1BEB63D}.Debug|x64.ActiveCfg = Debug|x64
		{7C7E9132-9418-410D-840E-1C7AD1BEB63D}.Debug|x64.Build.0 = Debug|x64
		{7C7E9132-9418-410D-840E-1C7AD1BEB63D}.Debug|x86.ActiveCfg = Debug|Win32
		{7C7E9132-9418-410D-840E-1C7AD1BEB63D}.Debug|x86.Build.0 = Debug|Win32
		{7C7E9132-9418-410D-840E-1C7AD1BEB63D}.Release|x64.ActiveCfg = Release|x64
		{7C7E9132-9418-410D-840E-1C7AD1BEB63D}.Release|x64.Build.0 = Release|x64
		{7C7E9132-9418-410D-840E-1C7AD1BEB63D}.Release|x86.ActiveCfg = Release|Win32
		{7C7E9132-9418-410D-840E-1C7AD1BEB63D}.Release|x86.Build.0 = Release|Win32
		{442E2D75-6B4D-44F9-8E46-C0FE8661D578}.Debug|x64.ActiveCfg = Debug|x64
		{442E2D75-6B4D-44F9-8E46-C0FE8661D578}.Debug|x64.Build.0 = Debug|x64
		{442E2D75-6B4D-44F9-8E46-C0FE8661D578}.Debug|x86.ActiveCfg = Debug|Win32
		{442E2D75-6B4D-44F9-8E46-C0FE8661D578}.Debug|x86.Build.0 = Debug|Win32
		{442E2D75-6B4D-44F9-8E46-C0FE8661D578}.Release|x64.ActiveCfg = Release|x64
		{442E2D75-6B4D-44F9-8E46-C0FE8661D578}.Release|x64.Build.0 = Release|x64
		{442E2D75-6B4D-44F9-8E46-C0FE8661D578}.Release|x86.ActiveCfg = Release|Win32
		{442E2D75-6B4D-44F9-8E46-C0FE8661D578}.Release|x86.Build.0 = Release|Win32
		{F5CA7378-F72A-4906-8E83-148776675571}.Debug|x64.ActiveCfg = Debug|x64
		{F5CA7378-F72A-4906-8E83-148776675571}.Debug|x64.Build.0 = Debug|x64
		{F5CA7378-F72A-4906-8E83-148776675571}.Debug|x86.ActiveCfg = Debug|Win32
		{F5CA7378-F72A-4906-8E83-148776675571}.Debug|x86.Build.0 = Debug|Win32
		{F5CA7378-F72A-4906-8E83-148776675571}.Release|x64.ActiveCfg = Release|x64
		{F5CA7378-F72A-4906-8E83-148776675571}.Release|x64.Build.0 = Release|x64
		{F5CA7378-F72A-4906-8E83-148776675571}.Release|x86.ActiveCfg = Release|Win32
		{F5CA7378-F72A-4906-8E83-148776675571}.Release|x86.Build.0 = Release|Win32
		{7B2AA1C7-C31A-4D05-B202-399AF62D06E7}.Debug|x64.ActiveCfg = Debug|x64
		{7B2AA1C7-C31A-4D05-B202-399AF62D06E7}.Debug|x64.Build.0 = Debug|x64
		{7B2AA1C7-C31A-4D05-B202-399AF62D06E7}.Debug|x86.ActiveCfg = Debug|Win32
		{7B2AA1C7-C31A-4D05-B202-399AF62D06E7}.Debug|x86.Build.0 = Debug|Win32
		{7B2AA1C7-C31A-4D05-B202-399AF62D06E7}.Release|x64.ActiveCfg = Release|x64
		{7B2AA1C7-C31A-4D05-B202-399AF62D06E7}.Release|x64.Build.0 = Release|x64
		{7B2AA1C7-C31A-4D05-B202-399AF62D06E7}.Release|x86.ActiveCfg = Release|Win32
		{7B2AA1C7-C31A-4D05-B202-399AF62D06E7}.Release|x86.Build.0 = Release|Win32
		{1CECA2F1-0CFF-40F7-A1E0-F3552792BA41}.Debug|x64.ActiveCfg = Debug|x64
		{1CECA2F1-0CFF-40F7-A1E0-F3552792BA41}.Debug|x64.Build.0 = Debug|x64
		{1CECA2F1-0CFF-40F7-A1E0-F3552792BA41}.Debug|x86.ActiveCfg = Debug|Win32
		{1CECA2F1-0CFF-40F7-A1E0-F3552792BA41}.Debug|x86.Build.0 = Debug|Win32
		{1CECA2F1-0CFF-40F7-A1E0-F3552792BA41}.Release|x64.ActiveCfg = Release|x64
		{1CECA2F1-0CFF-40F7-A1E0-F3552792BA41}.Release|x64.Build.0 = Release|x64
		{1CECA2F1-0CFF-40F7-A1E0-F3552792BA41}.Release|x86.ActiveCfg = Release|Win32
		{1CECA2F1-0CFF-40F7-A1E0-F3552792BA41}.Release|x86.Build.0 = Release|Win32
	EndGlobalSection
	GlobalSection(SolutionProperties) = preSolution
		HideSolutionNode = FALSE
	EndGlobalSection
	GlobalSection(ExtensibilityGlobals) = postSolution
		SolutionGuid = {4925F42C-93F9-449F-891C-3FB5594A0949}
	EndGlobalSection
EndGlobal
