
Microsoft Visual Studio Solution File, Format Version 12.00
# Visual Studio Version 16
VisualStudioVersion = 16.0.30503.244
MinimumVisualStudioVersion = 10.0.40219.1
Project("{8BC9CEB8-8B4A-11D0-8D11-00A0C91BC942}") = "PR1301", "PR1301\PR1301.vcxproj", "{1ABC14B4-1E33-47EB-B9FD-A0DC91C31E65}"
EndProject
Project("{8BC9CEB8-8B4A-11D0-8D11-00A0C91BC942}") = "PR1302", "PR1302\PR1302.vcxproj", "{DEF64183-2030-44B7-AED1-34F843A63781}"
EndProject
Project("{8BC9CEB8-8B4A-11D0-8D11-00A0C91BC942}") = "PR1303", "PR1303\PR1303.vcxproj", "{510175C2-DBF2-4915-A7AD-99783776EBAE}"
EndProject
Project("{8BC9CEB8-8B4A-11D0-8D11-00A0C91BC942}") = "PR1304", "PR1304\PR1304.vcxproj", "{59378503-037C-4551-AB53-7CFE9EC3D8F9}"
EndProject
Project("{8BC9CEB8-8B4A-11D0-8D11-00A0C91BC942}") = "PR1306", "PR1306\PR1306.vcxproj", "{DF4FD8C0-3AB2-48CA-8695-BF2ABA7BD9E0}"
EndProject
Project("{8BC9CEB8-8B4A-11D0-8D11-00A0C91BC942}") = "PR1305RectangleV1", "PR1305RectangleV1\PR1305RectangleV1.vcxproj", "{C9CBDD1B-623E-4113-8A72-7BEA43D832F8}"
EndProject
Project("{8BC9CEB8-8B4A-11D0-8D11-00A0C91BC942}") = "PR1307RectangleV3", "PR1307RectangleV3\PR1307RectangleV3.vcxproj", "{E2412B1D-55E5-47FE-91A4-D597B5AD9E83}"
EndProject
Project("{8BC9CEB8-8B4A-11D0-8D11-00A0C91BC942}") = "PR1308RectangleV4", "PR1308RectangleV4\PR1308RectangleV4.vcxproj", "{08D5C1D9-3428-4DAD-A492-8631D44D2BC8}"
EndProject
Project("{8BC9CEB8-8B4A-11D0-8D11-00A0C91BC942}") = "PR1309SaleV1", "PR1309SaleV1\PR1309SaleV1.vcxproj", "{2AFEE2DC-4F55-4F9F-9379-CB86482C4092}"
EndProject
Project("{8BC9CEB8-8B4A-11D0-8D11-00A0C91BC942}") = "PR1310SaleV2", "PR1310SaleV2\PR1310SaleV2.vcxproj", "{4BBBCDBF-C8B6-4AA5-A11B-127F2AEF1203}"
EndProject
Project("{8BC9CEB8-8B4A-11D0-8D11-00A0C91BC942}") = "PR1315", "PR1315\PR1315.vcxproj", "{F8F04065-5D7B-4B79-B3F8-0DF2D899E3AC}"
EndProject
Project("{8BC9CEB8-8B4A-11D0-8D11-00A0C91BC942}") = "PR1312", "PR1312\PR1312.vcxproj", "{F7AF5DDB-3B6D-45D8-BDEC-581B98CED073}"
EndProject
Project("{8BC9CEB8-8B4A-11D0-8D11-00A0C91BC942}") = "PR1312b", "PR1312b\PR1312b.vcxproj", "{5CCA5DF7-379F-4D51-8D28-1DAD2CC5BB21}"
EndProject
Project("{8BC9CEB8-8B4A-11D0-8D11-00A0C91BC942}") = "PR1313", "PR1313\PR1313.vcxproj", "{D7C99D94-31FE-4600-AF6B-D25D3EEE3B53}"
EndProject
Project("{8BC9CEB8-8B4A-11D0-8D11-00A0C91BC942}") = "PR1314", "PR1314\PR1314.vcxproj", "{B5EC24A8-A421-4D0C-9E7F-D62626F179B4}"
EndProject
Project("{8BC9CEB8-8B4A-11D0-8D11-00A0C91BC942}") = "PR1316", "PR1316\PR1316.vcxproj", "{BEBC031B-633C-45B5-80EA-AA818647002B}"
EndProject
Project("{8BC9CEB8-8B4A-11D0-8D11-00A0C91BC942}") = "PR1317", "PR1317\PR1317.vcxproj", "{6922DDDE-7535-49AD-BD30-9137E0C32F22}"
EndProject
Global
	GlobalSection(SolutionConfigurationPlatforms) = preSolution
		Debug|x64 = Debug|x64
		Debug|x86 = Debug|x86
		Release|x64 = Release|x64
		Release|x86 = Release|x86
	EndGlobalSection
	GlobalSection(ProjectConfigurationPlatforms) = postSolution
		{1ABC14B4-1E33-47EB-B9FD-A0DC91C31E65}.Debug|x64.ActiveCfg = Debug|x64
		{1ABC14B4-1E33-47EB-B9FD-A0DC91C31E65}.Debug|x64.Build.0 = Debug|x64
		{1ABC14B4-1E33-47EB-B9FD-A0DC91C31E65}.Debug|x86.ActiveCfg = Debug|Win32
		{1ABC14B4-1E33-47EB-B9FD-A0DC91C31E65}.Debug|x86.Build.0 = Debug|Win32
		{1ABC14B4-1E33-47EB-B9FD-A0DC91C31E65}.Release|x64.ActiveCfg = Release|x64
		{1ABC14B4-1E33-47EB-B9FD-A0DC91C31E65}.Release|x64.Build.0 = Release|x64
		{1ABC14B4-1E33-47EB-B9FD-A0DC91C31E65}.Release|x86.ActiveCfg = Release|Win32
		{1ABC14B4-1E33-47EB-B9FD-A0DC91C31E65}.Release|x86.Build.0 = Release|Win32
		{DEF64183-2030-44B7-AED1-34F843A63781}.Debug|x64.ActiveCfg = Debug|x64
		{DEF64183-2030-44B7-AED1-34F843A63781}.Debug|x64.Build.0 = Debug|x64
		{DEF64183-2030-44B7-AED1-34F843A63781}.Debug|x86.ActiveCfg = Debug|Win32
		{DEF64183-2030-44B7-AED1-34F843A63781}.Debug|x86.Build.0 = Debug|Win32
		{DEF64183-2030-44B7-AED1-34F843A63781}.Release|x64.ActiveCfg = Release|x64
		{DEF64183-2030-44B7-AED1-34F843A63781}.Release|x64.Build.0 = Release|x64
		{DEF64183-2030-44B7-AED1-34F843A63781}.Release|x86.ActiveCfg = Release|Win32
		{DEF64183-2030-44B7-AED1-34F843A63781}.Release|x86.Build.0 = Release|Win32
		{510175C2-DBF2-4915-A7AD-99783776EBAE}.Debug|x64.ActiveCfg = Debug|x64
		{510175C2-DBF2-4915-A7AD-99783776EBAE}.Debug|x64.Build.0 = Debug|x64
		{510175C2-DBF2-4915-A7AD-99783776EBAE}.Debug|x86.ActiveCfg = Debug|Win32
		{510175C2-DBF2-4915-A7AD-99783776EBAE}.Debug|x86.Build.0 = Debug|Win32
		{510175C2-DBF2-4915-A7AD-99783776EBAE}.Release|x64.ActiveCfg = Release|x64
		{510175C2-DBF2-4915-A7AD-99783776EBAE}.Release|x64.Build.0 = Release|x64
		{510175C2-DBF2-4915-A7AD-99783776EBAE}.Release|x86.ActiveCfg = Release|Win32
		{510175C2-DBF2-4915-A7AD-99783776EBAE}.Release|x86.Build.0 = Release|Win32
		{59378503-037C-4551-AB53-7CFE9EC3D8F9}.Debug|x64.ActiveCfg = Debug|x64
		{59378503-037C-4551-AB53-7CFE9EC3D8F9}.Debug|x64.Build.0 = Debug|x64
		{59378503-037C-4551-AB53-7CFE9EC3D8F9}.Debug|x86.ActiveCfg = Debug|Win32
		{59378503-037C-4551-AB53-7CFE9EC3D8F9}.Debug|x86.Build.0 = Debug|Win32
		{59378503-037C-4551-AB53-7CFE9EC3D8F9}.Release|x64.ActiveCfg = Release|x64
		{59378503-037C-4551-AB53-7CFE9EC3D8F9}.Release|x64.Build.0 = Release|x64
		{59378503-037C-4551-AB53-7CFE9EC3D8F9}.Release|x86.ActiveCfg = Release|Win32
		{59378503-037C-4551-AB53-7CFE9EC3D8F9}.Release|x86.Build.0 = Release|Win32
		{DF4FD8C0-3AB2-48CA-8695-BF2ABA7BD9E0}.Debug|x64.ActiveCfg = Debug|x64
		{DF4FD8C0-3AB2-48CA-8695-BF2ABA7BD9E0}.Debug|x64.Build.0 = Debug|x64
		{DF4FD8C0-3AB2-48CA-8695-BF2ABA7BD9E0}.Debug|x86.ActiveCfg = Debug|Win32
		{DF4FD8C0-3AB2-48CA-8695-BF2ABA7BD9E0}.Debug|x86.Build.0 = Debug|Win32
		{DF4FD8C0-3AB2-48CA-8695-BF2ABA7BD9E0}.Release|x64.ActiveCfg = Release|x64
		{DF4FD8C0-3AB2-48CA-8695-BF2ABA7BD9E0}.Release|x64.Build.0 = Release|x64
		{DF4FD8C0-3AB2-48CA-8695-BF2ABA7BD9E0}.Release|x86.ActiveCfg = Release|Win32
		{DF4FD8C0-3AB2-48CA-8695-BF2ABA7BD9E0}.Release|x86.Build.0 = Release|Win32
		{C9CBDD1B-623E-4113-8A72-7BEA43D832F8}.Debug|x64.ActiveCfg = Debug|x64
		{C9CBDD1B-623E-4113-8A72-7BEA43D832F8}.Debug|x64.Build.0 = Debug|x64
		{C9CBDD1B-623E-4113-8A72-7BEA43D832F8}.Debug|x86.ActiveCfg = Debug|Win32
		{C9CBDD1B-623E-4113-8A72-7BEA43D832F8}.Debug|x86.Build.0 = Debug|Win32
		{C9CBDD1B-623E-4113-8A72-7BEA43D832F8}.Release|x64.ActiveCfg = Release|x64
		{C9CBDD1B-623E-4113-8A72-7BEA43D832F8}.Release|x64.Build.0 = Release|x64
		{C9CBDD1B-623E-4113-8A72-7BEA43D832F8}.Release|x86.ActiveCfg = Release|Win32
		{C9CBDD1B-623E-4113-8A72-7BEA43D832F8}.Release|x86.Build.0 = Release|Win32
		{E2412B1D-55E5-47FE-91A4-D597B5AD9E83}.Debug|x64.ActiveCfg = Debug|x64
		{E2412B1D-55E5-47FE-91A4-D597B5AD9E83}.Debug|x64.Build.0 = Debug|x64
		{E2412B1D-55E5-47FE-91A4-D597B5AD9E83}.Debug|x86.ActiveCfg = Debug|Win32
		{E2412B1D-55E5-47FE-91A4-D597B5AD9E83}.Debug|x86.Build.0 = Debug|Win32
		{E2412B1D-55E5-47FE-91A4-D597B5AD9E83}.Release|x64.ActiveCfg = Release|x64
		{E2412B1D-55E5-47FE-91A4-D597B5AD9E83}.Release|x64.Build.0 = Release|x64
		{E2412B1D-55E5-47FE-91A4-D597B5AD9E83}.Release|x86.ActiveCfg = Release|Win32
		{E2412B1D-55E5-47FE-91A4-D597B5AD9E83}.Release|x86.Build.0 = Release|Win32
		{08D5C1D9-3428-4DAD-A492-8631D44D2BC8}.Debug|x64.ActiveCfg = Debug|x64
		{08D5C1D9-3428-4DAD-A492-8631D44D2BC8}.Debug|x64.Build.0 = Debug|x64
		{08D5C1D9-3428-4DAD-A492-8631D44D2BC8}.Debug|x86.ActiveCfg = Debug|Win32
		{08D5C1D9-3428-4DAD-A492-8631D44D2BC8}.Debug|x86.Build.0 = Debug|Win32
		{08D5C1D9-3428-4DAD-A492-8631D44D2BC8}.Release|x64.ActiveCfg = Release|x64
		{08D5C1D9-3428-4DAD-A492-8631D44D2BC8}.Release|x64.Build.0 = Release|x64
		{08D5C1D9-3428-4DAD-A492-8631D44D2BC8}.Release|x86.ActiveCfg = Release|Win32
		{08D5C1D9-3428-4DAD-A492-8631D44D2BC8}.Release|x86.Build.0 = Release|Win32
		{2AFEE2DC-4F55-4F9F-9379-CB86482C4092}.Debug|x64.ActiveCfg = Debug|x64
		{2AFEE2DC-4F55-4F9F-9379-CB86482C4092}.Debug|x64.Build.0 = Debug|x64
		{2AFEE2DC-4F55-4F9F-9379-CB86482C4092}.Debug|x86.ActiveCfg = Debug|Win32
		{2AFEE2DC-4F55-4F9F-9379-CB86482C4092}.Debug|x86.Build.0 = Debug|Win32
		{2AFEE2DC-4F55-4F9F-9379-CB86482C4092}.Release|x64.ActiveCfg = Release|x64
		{2AFEE2DC-4F55-4F9F-9379-CB86482C4092}.Release|x64.Build.0 = Release|x64
		{2AFEE2DC-4F55-4F9F-9379-CB86482C4092}.Release|x86.ActiveCfg = Release|Win32
		{2AFEE2DC-4F55-4F9F-9379-CB86482C4092}.Release|x86.Build.0 = Release|Win32
		{4BBBCDBF-C8B6-4AA5-A11B-127F2AEF1203}.Debug|x64.ActiveCfg = Debug|x64
		{4BBBCDBF-C8B6-4AA5-A11B-127F2AEF1203}.Debug|x64.Build.0 = Debug|x64
		{4BBBCDBF-C8B6-4AA5-A11B-127F2AEF1203}.Debug|x86.ActiveCfg = Debug|Win32
		{4BBBCDBF-C8B6-4AA5-A11B-127F2AEF1203}.Debug|x86.Build.0 = Debug|Win32
		{4BBBCDBF-C8B6-4AA5-A11B-127F2AEF1203}.Release|x64.ActiveCfg = Release|x64
		{4BBBCDBF-C8B6-4AA5-A11B-127F2AEF1203}.Release|x64.Build.0 = Release|x64
		{4BBBCDBF-C8B6-4AA5-A11B-127F2AEF1203}.Release|x86.ActiveCfg = Release|Win32
		{4BBBCDBF-C8B6-4AA5-A11B-127F2AEF1203}.Release|x86.Build.0 = Release|Win32
		{F8F04065-5D7B-4B79-B3F8-0DF2D899E3AC}.Debug|x64.ActiveCfg = Debug|x64
		{F8F04065-5D7B-4B79-B3F8-0DF2D899E3AC}.Debug|x64.Build.0 = Debug|x64
		{F8F04065-5D7B-4B79-B3F8-0DF2D899E3AC}.Debug|x86.ActiveCfg = Debug|Win32
		{F8F04065-5D7B-4B79-B3F8-0DF2D899E3AC}.Debug|x86.Build.0 = Debug|Win32
		{F8F04065-5D7B-4B79-B3F8-0DF2D899E3AC}.Release|x64.ActiveCfg = Release|x64
		{F8F04065-5D7B-4B79-B3F8-0DF2D899E3AC}.Release|x64.Build.0 = Release|x64
		{F8F04065-5D7B-4B79-B3F8-0DF2D899E3AC}.Release|x86.ActiveCfg = Release|Win32
		{F8F04065-5D7B-4B79-B3F8-0DF2D899E3AC}.Release|x86.Build.0 = Release|Win32
		{F7AF5DDB-3B6D-45D8-BDEC-581B98CED073}.Debug|x64.ActiveCfg = Debug|x64
		{F7AF5DDB-3B6D-45D8-BDEC-581B98CED073}.Debug|x64.Build.0 = Debug|x64
		{F7AF5DDB-3B6D-45D8-BDEC-581B98CED073}.Debug|x86.ActiveCfg = Debug|Win32
		{F7AF5DDB-3B6D-45D8-BDEC-581B98CED073}.Debug|x86.Build.0 = Debug|Win32
		{F7AF5DDB-3B6D-45D8-BDEC-581B98CED073}.Release|x64.ActiveCfg = Release|x64
		{F7AF5DDB-3B6D-45D8-BDEC-581B98CED073}.Release|x64.Build.0 = Release|x64
		{F7AF5DDB-3B6D-45D8-BDEC-581B98CED073}.Release|x86.ActiveCfg = Release|Win32
		{F7AF5DDB-3B6D-45D8-BDEC-581B98CED073}.Release|x86.Build.0 = Release|Win32
		{5CCA5DF7-379F-4D51-8D28-1DAD2CC5BB21}.Debug|x64.ActiveCfg = Debug|x64
		{5CCA5DF7-379F-4D51-8D28-1DAD2CC5BB21}.Debug|x64.Build.0 = Debug|x64
		{5CCA5DF7-379F-4D51-8D28-1DAD2CC5BB21}.Debug|x86.ActiveCfg = Debug|Win32
		{5CCA5DF7-379F-4D51-8D28-1DAD2CC5BB21}.Debug|x86.Build.0 = Debug|Win32
		{5CCA5DF7-379F-4D51-8D28-1DAD2CC5BB21}.Release|x64.ActiveCfg = Release|x64
		{5CCA5DF7-379F-4D51-8D28-1DAD2CC5BB21}.Release|x64.Build.0 = Release|x64
		{5CCA5DF7-379F-4D51-8D28-1DAD2CC5BB21}.Release|x86.ActiveCfg = Release|Win32
		{5CCA5DF7-379F-4D51-8D28-1DAD2CC5BB21}.Release|x86.Build.0 = Release|Win32
		{D7C99D94-31FE-4600-AF6B-D25D3EEE3B53}.Debug|x64.ActiveCfg = Debug|x64
		{D7C99D94-31FE-4600-AF6B-D25D3EEE3B53}.Debug|x64.Build.0 = Debug|x64
		{D7C99D94-31FE-4600-AF6B-D25D3EEE3B53}.Debug|x86.ActiveCfg = Debug|Win32
		{D7C99D94-31FE-4600-AF6B-D25D3EEE3B53}.Debug|x86.Build.0 = Debug|Win32
		{D7C99D94-31FE-4600-AF6B-D25D3EEE3B53}.Release|x64.ActiveCfg = Release|x64
		{D7C99D94-31FE-4600-AF6B-D25D3EEE3B53}.Release|x64.Build.0 = Release|x64
		{D7C99D94-31FE-4600-AF6B-D25D3EEE3B53}.Release|x86.ActiveCfg = Release|Win32
		{D7C99D94-31FE-4600-AF6B-D25D3EEE3B53}.Release|x86.Build.0 = Release|Win32
		{B5EC24A8-A421-4D0C-9E7F-D62626F179B4}.Debug|x64.ActiveCfg = Debug|x64
		{B5EC24A8-A421-4D0C-9E7F-D62626F179B4}.Debug|x64.Build.0 = Debug|x64
		{B5EC24A8-A421-4D0C-9E7F-D62626F179B4}.Debug|x86.ActiveCfg = Debug|Win32
		{B5EC24A8-A421-4D0C-9E7F-D62626F179B4}.Debug|x86.Build.0 = Debug|Win32
		{B5EC24A8-A421-4D0C-9E7F-D62626F179B4}.Release|x64.ActiveCfg = Release|x64
		{B5EC24A8-A421-4D0C-9E7F-D62626F179B4}.Release|x64.Build.0 = Release|x64
		{B5EC24A8-A421-4D0C-9E7F-D62626F179B4}.Release|x86.ActiveCfg = Release|Win32
		{B5EC24A8-A421-4D0C-9E7F-D62626F179B4}.Release|x86.Build.0 = Release|Win32
		{BEBC031B-633C-45B5-80EA-AA818647002B}.Debug|x64.ActiveCfg = Debug|x64
		{BEBC031B-633C-45B5-80EA-AA818647002B}.Debug|x64.Build.0 = Debug|x64
		{BEBC031B-633C-45B5-80EA-AA818647002B}.Debug|x86.ActiveCfg = Debug|Win32
		{BEBC031B-633C-45B5-80EA-AA818647002B}.Debug|x86.Build.0 = Debug|Win32
		{BEBC031B-633C-45B5-80EA-AA818647002B}.Release|x64.ActiveCfg = Release|x64
		{BEBC031B-633C-45B5-80EA-AA818647002B}.Release|x64.Build.0 = Release|x64
		{BEBC031B-633C-45B5-80EA-AA818647002B}.Release|x86.ActiveCfg = Release|Win32
		{BEBC031B-633C-45B5-80EA-AA818647002B}.Release|x86.Build.0 = Release|Win32
		{6922DDDE-7535-49AD-BD30-9137E0C32F22}.Debug|x64.ActiveCfg = Debug|x64
		{6922DDDE-7535-49AD-BD30-9137E0C32F22}.Debug|x64.Build.0 = Debug|x64
		{6922DDDE-7535-49AD-BD30-9137E0C32F22}.Debug|x86.ActiveCfg = Debug|Win32
		{6922DDDE-7535-49AD-BD30-9137E0C32F22}.Debug|x86.Build.0 = Debug|Win32
		{6922DDDE-7535-49AD-BD30-9137E0C32F22}.Release|x64.ActiveCfg = Release|x64
		{6922DDDE-7535-49AD-BD30-9137E0C32F22}.Release|x64.Build.0 = Release|x64
		{6922DDDE-7535-49AD-BD30-9137E0C32F22}.Release|x86.ActiveCfg = Release|Win32
		{6922DDDE-7535-49AD-BD30-9137E0C32F22}.Release|x86.Build.0 = Release|Win32
	EndGlobalSection
	GlobalSection(SolutionProperties) = preSolution
		HideSolutionNode = FALSE
	EndGlobalSection
	GlobalSection(ExtensibilityGlobals) = postSolution
		SolutionGuid = {14186770-313B-4E0B-B779-29BA492A3CA8}
	EndGlobalSection
EndGlobal
